// !$*UTF8*$!
{
	archiveVersion = 1;
	classes = {
	};
	objectVersion = 56;
	objects = {

/* Begin PBXBuildFile section */
		073F6C9137AE025C7883460A /* Pods_CTBaseOC.framework in Frameworks */ = {isa = PBXBuildFile; fileRef = 328CDD853A37BF87BD769215 /* Pods_CTBaseOC.framework */; };
		E97D672D2B6FCC7700C12C81 /* Assets.xcassets in Resources */ = {isa = PBXBuildFile; fileRef = E97D672C2B6FCC7700C12C81 /* Assets.xcassets */; };
		E97D67302B6FCC7700C12C81 /* LaunchScreen.storyboard in Resources */ = {isa = PBXBuildFile; fileRef = E97D672E2B6FCC7700C12C81 /* LaunchScreen.storyboard */; };
		E97D67332B6FCC7700C12C81 /* main.m in Sources */ = {isa = PBXBuildFile; fileRef = E97D67322B6FCC7700C12C81 /* main.m */; };
		E97D673D2B6FCC7700C12C81 /* CTBaseOCTests.m in Sources */ = {isa = PBXBuildFile; fileRef = E97D673C2B6FCC7700C12C81 /* CTBaseOCTests.m */; };
		E97D67472B6FCC7700C12C81 /* CTBaseOCUITests.m in Sources */ = {isa = PBXBuildFile; fileRef = E97D67462B6FCC7700C12C81 /* CTBaseOCUITests.m */; };
		E97D67492B6FCC7700C12C81 /* CTBaseOCUITestsLaunchTests.m in Sources */ = {isa = PBXBuildFile; fileRef = E97D67482B6FCC7700C12C81 /* CTBaseOCUITestsLaunchTests.m */; };
		E97D67C72B707A7F00C12C81 /* CTUserManager.m in Sources */ = {isa = PBXBuildFile; fileRef = E97D675A2B707A7E00C12C81 /* CTUserManager.m */; };
		E97D67C82B707A7F00C12C81 /* CTUserModel.m in Sources */ = {isa = PBXBuildFile; fileRef = E97D675B2B707A7E00C12C81 /* CTUserModel.m */; };
		E97D67C92B707A7F00C12C81 /* CTMineController.m in Sources */ = {isa = PBXBuildFile; fileRef = E97D675F2B707A7E00C12C81 /* CTMineController.m */; };
		E97D67CB2B707A7F00C12C81 /* CTLoginController.m in Sources */ = {isa = PBXBuildFile; fileRef = E97D67652B707A7E00C12C81 /* CTLoginController.m */; };
		E97D67CC2B707A7F00C12C81 /* CTBaseController.m in Sources */ = {isa = PBXBuildFile; fileRef = E97D67692B707A7E00C12C81 /* CTBaseController.m */; };
		E97D67CD2B707A7F00C12C81 /* CTBaseModel.m in Sources */ = {isa = PBXBuildFile; fileRef = E97D676A2B707A7E00C12C81 /* CTBaseModel.m */; };
		E97D67CE2B707A7F00C12C81 /* CTNavigationController.m in Sources */ = {isa = PBXBuildFile; fileRef = E97D676C2B707A7E00C12C81 /* CTNavigationController.m */; };
		E97D67CF2B707A7F00C12C81 /* CTTabBarController.m in Sources */ = {isa = PBXBuildFile; fileRef = E97D676E2B707A7E00C12C81 /* CTTabBarController.m */; };
		E97D67D02B707A7F00C12C81 /* AppDelegate+main.m in Sources */ = {isa = PBXBuildFile; fileRef = E97D67752B707A7F00C12C81 /* AppDelegate+main.m */; };
		E97D67D12B707A7F00C12C81 /* AppDelegate.m in Sources */ = {isa = PBXBuildFile; fileRef = E97D67762B707A7F00C12C81 /* AppDelegate.m */; };
		E97D67D22B707A7F00C12C81 /* AppDelegate+keyboard.m in Sources */ = {isa = PBXBuildFile; fileRef = E97D67772B707A7F00C12C81 /* AppDelegate+keyboard.m */; };
		E97D67D32B707A7F00C12C81 /* AppDelegate+third.m in Sources */ = {isa = PBXBuildFile; fileRef = E97D67782B707A7F00C12C81 /* AppDelegate+third.m */; };
		E97D67D42B707A7F00C12C81 /* SDCycleScrollView.m in Sources */ = {isa = PBXBuildFile; fileRef = E97D677F2B707A7F00C12C81 /* SDCycleScrollView.m */; };
		E97D67D52B707A7F00C12C81 /* UIView+SDExtension.m in Sources */ = {isa = PBXBuildFile; fileRef = E97D67802B707A7F00C12C81 /* UIView+SDExtension.m */; };
		E97D67D62B707A7F00C12C81 /* SDCollectionViewCell.m in Sources */ = {isa = PBXBuildFile; fileRef = E97D67812B707A7F00C12C81 /* SDCollectionViewCell.m */; };
		E97D67D72B707A7F00C12C81 /* TADotView.m in Sources */ = {isa = PBXBuildFile; fileRef = E97D67842B707A7F00C12C81 /* TADotView.m */; };
		E97D67D82B707A7F00C12C81 /* TAPageControl.m in Sources */ = {isa = PBXBuildFile; fileRef = E97D67852B707A7F00C12C81 /* TAPageControl.m */; };
		E97D67D92B707A7F00C12C81 /* TAAnimatedDotView.m in Sources */ = {isa = PBXBuildFile; fileRef = E97D67862B707A7F00C12C81 /* TAAnimatedDotView.m */; };
		E97D67DA2B707A7F00C12C81 /* TAAbstractDotView.m in Sources */ = {isa = PBXBuildFile; fileRef = E97D67872B707A7F00C12C81 /* TAAbstractDotView.m */; };
		E97D67DB2B707A7F00C12C81 /* GTMBase64.m in Sources */ = {isa = PBXBuildFile; fileRef = E97D678E2B707A7F00C12C81 /* GTMBase64.m */; };
		E97D67DC2B707A7F00C12C81 /* UIButton+block.m in Sources */ = {isa = PBXBuildFile; fileRef = E97D67942B707A7F00C12C81 /* UIButton+block.m */; };
		E97D67DD2B707A7F00C12C81 /* UIColor+hex.m in Sources */ = {isa = PBXBuildFile; fileRef = E97D67972B707A7F00C12C81 /* UIColor+hex.m */; };
		E97D67DE2B707A7F00C12C81 /* UIColor+App.m in Sources */ = {isa = PBXBuildFile; fileRef = E97D679A2B707A7F00C12C81 /* UIColor+App.m */; };
		E97D67DF2B707A7F00C12C81 /* NSString+CT.m in Sources */ = {isa = PBXBuildFile; fileRef = E97D67A12B707A7F00C12C81 /* NSString+CT.m */; };
		E97D67E02B707A7F00C12C81 /* MBProgressHUD+CTHUD.m in Sources */ = {isa = PBXBuildFile; fileRef = E97D67A42B707A7F00C12C81 /* MBProgressHUD+CTHUD.m */; };
		E97D67E12B707A7F00C12C81 /* NSObject+CTLog.m in Sources */ = {isa = PBXBuildFile; fileRef = E97D67A72B707A7F00C12C81 /* NSObject+CTLog.m */; };
		E97D67E22B707A7F00C12C81 /* NSDate+Extension.m in Sources */ = {isa = PBXBuildFile; fileRef = E97D67AC2B707A7F00C12C81 /* NSDate+Extension.m */; };
		E97D67E32B707A7F00C12C81 /* CTNetService.m in Sources */ = {isa = PBXBuildFile; fileRef = E97D67AE2B707A7F00C12C81 /* CTNetService.m */; };
		E97D67E42B707A7F00C12C81 /* CTHTTPSessionManager.m in Sources */ = {isa = PBXBuildFile; fileRef = E97D67B12B707A7F00C12C81 /* CTHTTPSessionManager.m */; };
		E97D67E52B707A7F00C12C81 /* AES128Util.m in Sources */ = {isa = PBXBuildFile; fileRef = E97D67B32B707A7F00C12C81 /* AES128Util.m */; };
		E97D67E62B707A7F00C12C81 /* CTInterfaceDefine.m in Sources */ = {isa = PBXBuildFile; fileRef = E97D67B92B707A7F00C12C81 /* CTInterfaceDefine.m */; };
		E97D67E72B707A7F00C12C81 /* CTConfiguration.m in Sources */ = {isa = PBXBuildFile; fileRef = E97D67BB2B707A7F00C12C81 /* CTConfiguration.m */; };
		E97D67E82B707A7F00C12C81 /* CTMD5Encrypt.m in Sources */ = {isa = PBXBuildFile; fileRef = E97D67C02B707A7F00C12C81 /* CTMD5Encrypt.m */; };
		E97D67E92B707A7F00C12C81 /* CTTool.m in Sources */ = {isa = PBXBuildFile; fileRef = E97D67C22B707A7F00C12C81 /* CTTool.m */; };
		E97D67EA2B707A7F00C12C81 /* CTToastUtil.m in Sources */ = {isa = PBXBuildFile; fileRef = E97D67C32B707A7F00C12C81 /* CTToastUtil.m */; };
		E97D67EB2B707A7F00C12C81 /* CTEnvTool.m in Sources */ = {isa = PBXBuildFile; fileRef = E97D67C52B707A7F00C12C81 /* CTEnvTool.m */; };
		E97D67F02B712AAF00C12C81 /* UIButton+rapid.m in Sources */ = {isa = PBXBuildFile; fileRef = E97D67EF2B712AAF00C12C81 /* UIButton+rapid.m */; };
		E97D67F72B712CBD00C12C81 /* UIViewController+add.m in Sources */ = {isa = PBXBuildFile; fileRef = E97D67F62B712CBD00C12C81 /* UIViewController+add.m */; };
		E97D67FA2B712E5200C12C81 /* UIView+ext.m in Sources */ = {isa = PBXBuildFile; fileRef = E97D67F92B712E5200C12C81 /* UIView+ext.m */; };
		E97D67FD2B7131F300C12C81 /* UITextField+placeholder.m in Sources */ = {isa = PBXBuildFile; fileRef = E97D67FC2B7131F300C12C81 /* UITextField+placeholder.m */; };
		E97D68002B71323D00C12C81 /* UITableViewCell+identifier.m in Sources */ = {isa = PBXBuildFile; fileRef = E97D67FF2B71323D00C12C81 /* UITableViewCell+identifier.m */; };
		E97D68032B71329400C12C81 /* UITableView+clear.m in Sources */ = {isa = PBXBuildFile; fileRef = E97D68022B71329400C12C81 /* UITableView+clear.m */; };
		E97D68062B72502D00C12C81 /* UILabel+string.m in Sources */ = {isa = PBXBuildFile; fileRef = E97D68052B72502D00C12C81 /* UILabel+string.m */; };
		E97D68092B7250F300C12C81 /* UIImage+CT.m in Sources */ = {isa = PBXBuildFile; fileRef = E97D68082B7250F300C12C81 /* UIImage+CT.m */; };
		E97D680C2B72515100C12C81 /* UIFont+App.m in Sources */ = {isa = PBXBuildFile; fileRef = E97D680B2B72515100C12C81 /* UIFont+App.m */; };
		E97D680F2B7251CA00C12C81 /* UICollectionViewCell+identifier.m in Sources */ = {isa = PBXBuildFile; fileRef = E97D680E2B7251CA00C12C81 /* UICollectionViewCell+identifier.m */; };
		E97D68122B72520B00C12C81 /* UIButton+countDown.m in Sources */ = {isa = PBXBuildFile; fileRef = E97D68112B72520B00C12C81 /* UIButton+countDown.m */; };
		E97D68152B7274A400C12C81 /* CTPhotoTake.m in Sources */ = {isa = PBXBuildFile; fileRef = E97D68132B7274A400C12C81 /* CTPhotoTake.m */; };
		E97D68192B73241800C12C81 /* CTWebController.m in Sources */ = {isa = PBXBuildFile; fileRef = E97D68182B73241800C12C81 /* CTWebController.m */; };
		E97D681C2B73242700C12C81 /* CTJSOCWebController.m in Sources */ = {isa = PBXBuildFile; fileRef = E97D681B2B73242700C12C81 /* CTJSOCWebController.m */; };
		E97D681F2B7359DB00C12C81 /* CTSettingsController.m in Sources */ = {isa = PBXBuildFile; fileRef = E97D681E2B7359DB00C12C81 /* CTSettingsController.m */; };
		E9B79E282B7381E500DD3F95 /* CTIndexController.m in Sources */ = {isa = PBXBuildFile; fileRef = E9B79E252B7381E500DD3F95 /* CTIndexController.m */; };
		E9B79E2B2B7381F700DD3F95 /* CTDemoModel.m in Sources */ = {isa = PBXBuildFile; fileRef = E9B79E2A2B7381F700DD3F95 /* CTDemoModel.m */; };
		E9B79E2E2B73820400DD3F95 /* CTDemoCell.m in Sources */ = {isa = PBXBuildFile; fileRef = E9B79E2D2B73820400DD3F95 /* CTDemoCell.m */; };
		E9B79E362B7CFBC700DD3F95 /* CTPagerDemoController.m in Sources */ = {isa = PBXBuildFile; fileRef = E9B79E302B7CFBC700DD3F95 /* CTPagerDemoController.m */; };
		E9B79E372B7CFBC700DD3F95 /* CTDiscoveryController.m in Sources */ = {isa = PBXBuildFile; fileRef = E9B79E332B7CFBC700DD3F95 /* CTDiscoveryController.m */; };
		E9B79E3A2B7CFE1B00DD3F95 /* CTIndexBannerView.m in Sources */ = {isa = PBXBuildFile; fileRef = E9B79E392B7CFE1B00DD3F95 /* CTIndexBannerView.m */; };
		E9B79E402B7DB66A00DD3F95 /* CTPagerHeaderView.m in Sources */ = {isa = PBXBuildFile; fileRef = E9B79E3F2B7DB66A00DD3F95 /* CTPagerHeaderView.m */; };
		E9B79E432B7DD10300DD3F95 /* CTSubPagerController.m in Sources */ = {isa = PBXBuildFile; fileRef = E9B79E422B7DD10300DD3F95 /* CTSubPagerController.m */; };
		E9B79E452B7DD30B00DD3F95 /* poemList.plist in Resources */ = {isa = PBXBuildFile; fileRef = E9B79E442B7DD30B00DD3F95 /* poemList.plist */; };
		E9B79E482B7DD9E600DD3F95 /* CTPagerDemo2Controller.m in Sources */ = {isa = PBXBuildFile; fileRef = E9B79E472B7DD9E600DD3F95 /* CTPagerDemo2Controller.m */; };
		E9B79E4B2B7DDB9300DD3F95 /* CTCategoryTitleView.m in Sources */ = {isa = PBXBuildFile; fileRef = E9B79E4A2B7DDB9300DD3F95 /* CTCategoryTitleView.m */; };
		E9B79E4E2B7DDBBA00DD3F95 /* CTCategoryCell.m in Sources */ = {isa = PBXBuildFile; fileRef = E9B79E4D2B7DDBBA00DD3F95 /* CTCategoryCell.m */; };
/* End PBXBuildFile section */

/* Begin PBXContainerItemProxy section */
		E97D67392B6FCC7700C12C81 /* PBXContainerItemProxy */ = {
			isa = PBXContainerItemProxy;
			containerPortal = E97D67152B6FCC7600C12C81 /* Project object */;
			proxyType = 1;
			remoteGlobalIDString = E97D671C2B6FCC7600C12C81;
			remoteInfo = CTBaseOC;
		};
		E97D67432B6FCC7700C12C81 /* PBXContainerItemProxy */ = {
			isa = PBXContainerItemProxy;
			containerPortal = E97D67152B6FCC7600C12C81 /* Project object */;
			proxyType = 1;
			remoteGlobalIDString = E97D671C2B6FCC7600C12C81;
			remoteInfo = CTBaseOC;
		};
/* End PBXContainerItemProxy section */

/* Begin PBXFileReference section */
		328CDD853A37BF87BD769215 /* Pods_CTBaseOC.framework */ = {isa = PBXFileReference; explicitFileType = wrapper.framework; includeInIndex = 0; path = Pods_CTBaseOC.framework; sourceTree = BUILT_PRODUCTS_DIR; };
		7139CE2D9FAE0E6E1F0405F5 /* Pods-CTBaseOC.debug.xcconfig */ = {isa = PBXFileReference; includeInIndex = 1; lastKnownFileType = text.xcconfig; name = "Pods-CTBaseOC.debug.xcconfig"; path = "Target Support Files/Pods-CTBaseOC/Pods-CTBaseOC.debug.xcconfig"; sourceTree = "<group>"; };
		8648FC96BF74F77C266609C4 /* Pods-CTBaseOC.release.xcconfig */ = {isa = PBXFileReference; includeInIndex = 1; lastKnownFileType = text.xcconfig; name = "Pods-CTBaseOC.release.xcconfig"; path = "Target Support Files/Pods-CTBaseOC/Pods-CTBaseOC.release.xcconfig"; sourceTree = "<group>"; };
		E97D671D2B6FCC7600C12C81 /* CTBaseOC.app */ = {isa = PBXFileReference; explicitFileType = wrapper.application; includeInIndex = 0; path = CTBaseOC.app; sourceTree = BUILT_PRODUCTS_DIR; };
		E97D672C2B6FCC7700C12C81 /* Assets.xcassets */ = {isa = PBXFileReference; lastKnownFileType = folder.assetcatalog; path = Assets.xcassets; sourceTree = "<group>"; };
		E97D672F2B6FCC7700C12C81 /* Base */ = {isa = PBXFileReference; lastKnownFileType = file.storyboard; name = Base; path = Base.lproj/LaunchScreen.storyboard; sourceTree = "<group>"; };
		E97D67312B6FCC7700C12C81 /* Info.plist */ = {isa = PBXFileReference; lastKnownFileType = text.plist.xml; path = Info.plist; sourceTree = "<group>"; };
		E97D67322B6FCC7700C12C81 /* main.m */ = {isa = PBXFileReference; lastKnownFileType = sourcecode.c.objc; path = main.m; sourceTree = "<group>"; };
		E97D67382B6FCC7700C12C81 /* CTBaseOCTests.xctest */ = {isa = PBXFileReference; explicitFileType = wrapper.cfbundle; includeInIndex = 0; path = CTBaseOCTests.xctest; sourceTree = BUILT_PRODUCTS_DIR; };
		E97D673C2B6FCC7700C12C81 /* CTBaseOCTests.m */ = {isa = PBXFileReference; lastKnownFileType = sourcecode.c.objc; path = CTBaseOCTests.m; sourceTree = "<group>"; };
		E97D67422B6FCC7700C12C81 /* CTBaseOCUITests.xctest */ = {isa = PBXFileReference; explicitFileType = wrapper.cfbundle; includeInIndex = 0; path = CTBaseOCUITests.xctest; sourceTree = BUILT_PRODUCTS_DIR; };
		E97D67462B6FCC7700C12C81 /* CTBaseOCUITests.m */ = {isa = PBXFileReference; lastKnownFileType = sourcecode.c.objc; path = CTBaseOCUITests.m; sourceTree = "<group>"; };
		E97D67482B6FCC7700C12C81 /* CTBaseOCUITestsLaunchTests.m */ = {isa = PBXFileReference; lastKnownFileType = sourcecode.c.objc; path = CTBaseOCUITestsLaunchTests.m; sourceTree = "<group>"; };
		E97D675A2B707A7E00C12C81 /* CTUserManager.m */ = {isa = PBXFileReference; fileEncoding = 4; lastKnownFileType = sourcecode.c.objc; path = CTUserManager.m; sourceTree = "<group>"; };
		E97D675B2B707A7E00C12C81 /* CTUserModel.m */ = {isa = PBXFileReference; fileEncoding = 4; lastKnownFileType = sourcecode.c.objc; path = CTUserModel.m; sourceTree = "<group>"; };
		E97D675C2B707A7E00C12C81 /* CTUserManager.h */ = {isa = PBXFileReference; fileEncoding = 4; lastKnownFileType = sourcecode.c.h; path = CTUserManager.h; sourceTree = "<group>"; };
		E97D675D2B707A7E00C12C81 /* CTUserModel.h */ = {isa = PBXFileReference; fileEncoding = 4; lastKnownFileType = sourcecode.c.h; path = CTUserModel.h; sourceTree = "<group>"; };
		E97D675F2B707A7E00C12C81 /* CTMineController.m */ = {isa = PBXFileReference; fileEncoding = 4; lastKnownFileType = sourcecode.c.objc; path = CTMineController.m; sourceTree = "<group>"; };
		E97D67602B707A7E00C12C81 /* CTMineController.h */ = {isa = PBXFileReference; fileEncoding = 4; lastKnownFileType = sourcecode.c.h; path = CTMineController.h; sourceTree = "<group>"; };
		E97D67652B707A7E00C12C81 /* CTLoginController.m */ = {isa = PBXFileReference; fileEncoding = 4; lastKnownFileType = sourcecode.c.objc; path = CTLoginController.m; sourceTree = "<group>"; };
		E97D67662B707A7E00C12C81 /* CTLoginController.h */ = {isa = PBXFileReference; fileEncoding = 4; lastKnownFileType = sourcecode.c.h; path = CTLoginController.h; sourceTree = "<group>"; };
		E97D67682B707A7E00C12C81 /* CTNavigationController.h */ = {isa = PBXFileReference; fileEncoding = 4; lastKnownFileType = sourcecode.c.h; path = CTNavigationController.h; sourceTree = "<group>"; };
		E97D67692B707A7E00C12C81 /* CTBaseController.m */ = {isa = PBXFileReference; fileEncoding = 4; lastKnownFileType = sourcecode.c.objc; path = CTBaseController.m; sourceTree = "<group>"; };
		E97D676A2B707A7E00C12C81 /* CTBaseModel.m */ = {isa = PBXFileReference; fileEncoding = 4; lastKnownFileType = sourcecode.c.objc; path = CTBaseModel.m; sourceTree = "<group>"; };
		E97D676B2B707A7E00C12C81 /* CTTabBarController.h */ = {isa = PBXFileReference; fileEncoding = 4; lastKnownFileType = sourcecode.c.h; path = CTTabBarController.h; sourceTree = "<group>"; };
		E97D676C2B707A7E00C12C81 /* CTNavigationController.m */ = {isa = PBXFileReference; fileEncoding = 4; lastKnownFileType = sourcecode.c.objc; path = CTNavigationController.m; sourceTree = "<group>"; };
		E97D676D2B707A7E00C12C81 /* CTBaseController.h */ = {isa = PBXFileReference; fileEncoding = 4; lastKnownFileType = sourcecode.c.h; path = CTBaseController.h; sourceTree = "<group>"; };
		E97D676E2B707A7E00C12C81 /* CTTabBarController.m */ = {isa = PBXFileReference; fileEncoding = 4; lastKnownFileType = sourcecode.c.objc; path = CTTabBarController.m; sourceTree = "<group>"; };
		E97D676F2B707A7E00C12C81 /* CTBaseModel.h */ = {isa = PBXFileReference; fileEncoding = 4; lastKnownFileType = sourcecode.c.h; path = CTBaseModel.h; sourceTree = "<group>"; };
		E97D67712B707A7F00C12C81 /* AppDelegate+main.h */ = {isa = PBXFileReference; fileEncoding = 4; lastKnownFileType = sourcecode.c.h; path = "AppDelegate+main.h"; sourceTree = "<group>"; };
		E97D67722B707A7F00C12C81 /* AppDelegate.h */ = {isa = PBXFileReference; fileEncoding = 4; lastKnownFileType = sourcecode.c.h; path = AppDelegate.h; sourceTree = "<group>"; };
		E97D67732B707A7F00C12C81 /* AppDelegate+third.h */ = {isa = PBXFileReference; fileEncoding = 4; lastKnownFileType = sourcecode.c.h; path = "AppDelegate+third.h"; sourceTree = "<group>"; };
		E97D67742B707A7F00C12C81 /* AppDelegate+keyboard.h */ = {isa = PBXFileReference; fileEncoding = 4; lastKnownFileType = sourcecode.c.h; path = "AppDelegate+keyboard.h"; sourceTree = "<group>"; };
		E97D67752B707A7F00C12C81 /* AppDelegate+main.m */ = {isa = PBXFileReference; fileEncoding = 4; lastKnownFileType = sourcecode.c.objc; path = "AppDelegate+main.m"; sourceTree = "<group>"; };
		E97D67762B707A7F00C12C81 /* AppDelegate.m */ = {isa = PBXFileReference; fileEncoding = 4; lastKnownFileType = sourcecode.c.objc; path = AppDelegate.m; sourceTree = "<group>"; };
		E97D67772B707A7F00C12C81 /* AppDelegate+keyboard.m */ = {isa = PBXFileReference; fileEncoding = 4; lastKnownFileType = sourcecode.c.objc; path = "AppDelegate+keyboard.m"; sourceTree = "<group>"; };
		E97D67782B707A7F00C12C81 /* AppDelegate+third.m */ = {isa = PBXFileReference; fileEncoding = 4; lastKnownFileType = sourcecode.c.objc; path = "AppDelegate+third.m"; sourceTree = "<group>"; };
		E97D677C2B707A7F00C12C81 /* UIView+SDExtension.h */ = {isa = PBXFileReference; fileEncoding = 4; lastKnownFileType = sourcecode.c.h; path = "UIView+SDExtension.h"; sourceTree = "<group>"; };
		E97D677D2B707A7F00C12C81 /* SDCycleScrollView.h */ = {isa = PBXFileReference; fileEncoding = 4; lastKnownFileType = sourcecode.c.h; path = SDCycleScrollView.h; sourceTree = "<group>"; };
		E97D677E2B707A7F00C12C81 /* SDCollectionViewCell.h */ = {isa = PBXFileReference; fileEncoding = 4; lastKnownFileType = sourcecode.c.h; path = SDCollectionViewCell.h; sourceTree = "<group>"; };
		E97D677F2B707A7F00C12C81 /* SDCycleScrollView.m */ = {isa = PBXFileReference; fileEncoding = 4; lastKnownFileType = sourcecode.c.objc; path = SDCycleScrollView.m; sourceTree = "<group>"; };
		E97D67802B707A7F00C12C81 /* UIView+SDExtension.m */ = {isa = PBXFileReference; fileEncoding = 4; lastKnownFileType = sourcecode.c.objc; path = "UIView+SDExtension.m"; sourceTree = "<group>"; };
		E97D67812B707A7F00C12C81 /* SDCollectionViewCell.m */ = {isa = PBXFileReference; fileEncoding = 4; lastKnownFileType = sourcecode.c.objc; path = SDCollectionViewCell.m; sourceTree = "<group>"; };
		E97D67832B707A7F00C12C81 /* TAAbstractDotView.h */ = {isa = PBXFileReference; fileEncoding = 4; lastKnownFileType = sourcecode.c.h; path = TAAbstractDotView.h; sourceTree = "<group>"; };
		E97D67842B707A7F00C12C81 /* TADotView.m */ = {isa = PBXFileReference; fileEncoding = 4; lastKnownFileType = sourcecode.c.objc; path = TADotView.m; sourceTree = "<group>"; };
		E97D67852B707A7F00C12C81 /* TAPageControl.m */ = {isa = PBXFileReference; fileEncoding = 4; lastKnownFileType = sourcecode.c.objc; path = TAPageControl.m; sourceTree = "<group>"; };
		E97D67862B707A7F00C12C81 /* TAAnimatedDotView.m */ = {isa = PBXFileReference; fileEncoding = 4; lastKnownFileType = sourcecode.c.objc; path = TAAnimatedDotView.m; sourceTree = "<group>"; };
		E97D67872B707A7F00C12C81 /* TAAbstractDotView.m */ = {isa = PBXFileReference; fileEncoding = 4; lastKnownFileType = sourcecode.c.objc; path = TAAbstractDotView.m; sourceTree = "<group>"; };
		E97D67882B707A7F00C12C81 /* TADotView.h */ = {isa = PBXFileReference; fileEncoding = 4; lastKnownFileType = sourcecode.c.h; path = TADotView.h; sourceTree = "<group>"; };
		E97D67892B707A7F00C12C81 /* TAAnimatedDotView.h */ = {isa = PBXFileReference; fileEncoding = 4; lastKnownFileType = sourcecode.c.h; path = TAAnimatedDotView.h; sourceTree = "<group>"; };
		E97D678A2B707A7F00C12C81 /* TAPageControl.h */ = {isa = PBXFileReference; fileEncoding = 4; lastKnownFileType = sourcecode.c.h; path = TAPageControl.h; sourceTree = "<group>"; };
		E97D678C2B707A7F00C12C81 /* GTMBase64.h */ = {isa = PBXFileReference; fileEncoding = 4; lastKnownFileType = sourcecode.c.h; path = GTMBase64.h; sourceTree = "<group>"; };
		E97D678D2B707A7F00C12C81 /* GTMDefines.h */ = {isa = PBXFileReference; fileEncoding = 4; lastKnownFileType = sourcecode.c.h; path = GTMDefines.h; sourceTree = "<group>"; };
		E97D678E2B707A7F00C12C81 /* GTMBase64.m */ = {isa = PBXFileReference; fileEncoding = 4; lastKnownFileType = sourcecode.c.objc; path = GTMBase64.m; sourceTree = "<group>"; };
		E97D67942B707A7F00C12C81 /* UIButton+block.m */ = {isa = PBXFileReference; fileEncoding = 4; lastKnownFileType = sourcecode.c.objc; path = "UIButton+block.m"; sourceTree = "<group>"; };
		E97D67952B707A7F00C12C81 /* UIButton+block.h */ = {isa = PBXFileReference; fileEncoding = 4; lastKnownFileType = sourcecode.c.h; path = "UIButton+block.h"; sourceTree = "<group>"; };
		E97D67972B707A7F00C12C81 /* UIColor+hex.m */ = {isa = PBXFileReference; fileEncoding = 4; lastKnownFileType = sourcecode.c.objc; path = "UIColor+hex.m"; sourceTree = "<group>"; };
		E97D67982B707A7F00C12C81 /* UIColor+App.h */ = {isa = PBXFileReference; fileEncoding = 4; lastKnownFileType = sourcecode.c.h; path = "UIColor+App.h"; sourceTree = "<group>"; };
		E97D67992B707A7F00C12C81 /* UIColor+hex.h */ = {isa = PBXFileReference; fileEncoding = 4; lastKnownFileType = sourcecode.c.h; path = "UIColor+hex.h"; sourceTree = "<group>"; };
		E97D679A2B707A7F00C12C81 /* UIColor+App.m */ = {isa = PBXFileReference; fileEncoding = 4; lastKnownFileType = sourcecode.c.objc; path = "UIColor+App.m"; sourceTree = "<group>"; };
		E97D679D2B707A7F00C12C81 /* CTCategory.h */ = {isa = PBXFileReference; fileEncoding = 4; lastKnownFileType = sourcecode.c.h; path = CTCategory.h; sourceTree = "<group>"; };
		E97D67A02B707A7F00C12C81 /* NSString+CT.h */ = {isa = PBXFileReference; fileEncoding = 4; lastKnownFileType = sourcecode.c.h; path = "NSString+CT.h"; sourceTree = "<group>"; };
		E97D67A12B707A7F00C12C81 /* NSString+CT.m */ = {isa = PBXFileReference; fileEncoding = 4; lastKnownFileType = sourcecode.c.objc; path = "NSString+CT.m"; sourceTree = "<group>"; };
		E97D67A32B707A7F00C12C81 /* MBProgressHUD+CTHUD.h */ = {isa = PBXFileReference; fileEncoding = 4; lastKnownFileType = sourcecode.c.h; path = "MBProgressHUD+CTHUD.h"; sourceTree = "<group>"; };
		E97D67A42B707A7F00C12C81 /* MBProgressHUD+CTHUD.m */ = {isa = PBXFileReference; fileEncoding = 4; lastKnownFileType = sourcecode.c.objc; path = "MBProgressHUD+CTHUD.m"; sourceTree = "<group>"; };
		E97D67A62B707A7F00C12C81 /* NSObject+CTLog.h */ = {isa = PBXFileReference; fileEncoding = 4; lastKnownFileType = sourcecode.c.h; path = "NSObject+CTLog.h"; sourceTree = "<group>"; };
		E97D67A72B707A7F00C12C81 /* NSObject+CTLog.m */ = {isa = PBXFileReference; fileEncoding = 4; lastKnownFileType = sourcecode.c.objc; path = "NSObject+CTLog.m"; sourceTree = "<group>"; };
		E97D67AB2B707A7F00C12C81 /* NSDate+Extension.h */ = {isa = PBXFileReference; fileEncoding = 4; lastKnownFileType = sourcecode.c.h; path = "NSDate+Extension.h"; sourceTree = "<group>"; };
		E97D67AC2B707A7F00C12C81 /* NSDate+Extension.m */ = {isa = PBXFileReference; fileEncoding = 4; lastKnownFileType = sourcecode.c.objc; path = "NSDate+Extension.m"; sourceTree = "<group>"; };
		E97D67AE2B707A7F00C12C81 /* CTNetService.m */ = {isa = PBXFileReference; fileEncoding = 4; lastKnownFileType = sourcecode.c.objc; path = CTNetService.m; sourceTree = "<group>"; };
		E97D67AF2B707A7F00C12C81 /* CTHTTPSessionManager.h */ = {isa = PBXFileReference; fileEncoding = 4; lastKnownFileType = sourcecode.c.h; path = CTHTTPSessionManager.h; sourceTree = "<group>"; };
		E97D67B02B707A7F00C12C81 /* AES128Util.h */ = {isa = PBXFileReference; fileEncoding = 4; lastKnownFileType = sourcecode.c.h; path = AES128Util.h; sourceTree = "<group>"; };
		E97D67B12B707A7F00C12C81 /* CTHTTPSessionManager.m */ = {isa = PBXFileReference; fileEncoding = 4; lastKnownFileType = sourcecode.c.objc; path = CTHTTPSessionManager.m; sourceTree = "<group>"; };
		E97D67B22B707A7F00C12C81 /* CTNetService.h */ = {isa = PBXFileReference; fileEncoding = 4; lastKnownFileType = sourcecode.c.h; path = CTNetService.h; sourceTree = "<group>"; };
		E97D67B32B707A7F00C12C81 /* AES128Util.m */ = {isa = PBXFileReference; fileEncoding = 4; lastKnownFileType = sourcecode.c.objc; path = AES128Util.m; sourceTree = "<group>"; };
		E97D67B52B707A7F00C12C81 /* CTConfiguration.h */ = {isa = PBXFileReference; fileEncoding = 4; lastKnownFileType = sourcecode.c.h; path = CTConfiguration.h; sourceTree = "<group>"; };
		E97D67B62B707A7F00C12C81 /* CTNotificationDefine.h */ = {isa = PBXFileReference; fileEncoding = 4; lastKnownFileType = sourcecode.c.h; path = CTNotificationDefine.h; sourceTree = "<group>"; };
		E97D67B72B707A7F00C12C81 /* CTKey.h */ = {isa = PBXFileReference; fileEncoding = 4; lastKnownFileType = sourcecode.c.h; path = CTKey.h; sourceTree = "<group>"; };
		E97D67B82B707A7F00C12C81 /* CTPublicDefine.h */ = {isa = PBXFileReference; fileEncoding = 4; lastKnownFileType = sourcecode.c.h; path = CTPublicDefine.h; sourceTree = "<group>"; };
		E97D67B92B707A7F00C12C81 /* CTInterfaceDefine.m */ = {isa = PBXFileReference; fileEncoding = 4; lastKnownFileType = sourcecode.c.objc; path = CTInterfaceDefine.m; sourceTree = "<group>"; };
		E97D67BA2B707A7F00C12C81 /* macro.h */ = {isa = PBXFileReference; fileEncoding = 4; lastKnownFileType = sourcecode.c.h; path = macro.h; sourceTree = "<group>"; };
		E97D67BB2B707A7F00C12C81 /* CTConfiguration.m */ = {isa = PBXFileReference; fileEncoding = 4; lastKnownFileType = sourcecode.c.objc; path = CTConfiguration.m; sourceTree = "<group>"; };
		E97D67BC2B707A7F00C12C81 /* CTInterfaceDefine.h */ = {isa = PBXFileReference; fileEncoding = 4; lastKnownFileType = sourcecode.c.h; path = CTInterfaceDefine.h; sourceTree = "<group>"; };
		E97D67BE2B707A7F00C12C81 /* CTToastUtil.h */ = {isa = PBXFileReference; fileEncoding = 4; lastKnownFileType = sourcecode.c.h; path = CTToastUtil.h; sourceTree = "<group>"; };
		E97D67BF2B707A7F00C12C81 /* CTTool.h */ = {isa = PBXFileReference; fileEncoding = 4; lastKnownFileType = sourcecode.c.h; path = CTTool.h; sourceTree = "<group>"; };
		E97D67C02B707A7F00C12C81 /* CTMD5Encrypt.m */ = {isa = PBXFileReference; fileEncoding = 4; lastKnownFileType = sourcecode.c.objc; path = CTMD5Encrypt.m; sourceTree = "<group>"; };
		E97D67C12B707A7F00C12C81 /* CTEnvTool.h */ = {isa = PBXFileReference; fileEncoding = 4; lastKnownFileType = sourcecode.c.h; path = CTEnvTool.h; sourceTree = "<group>"; };
		E97D67C22B707A7F00C12C81 /* CTTool.m */ = {isa = PBXFileReference; fileEncoding = 4; lastKnownFileType = sourcecode.c.objc; path = CTTool.m; sourceTree = "<group>"; };
		E97D67C32B707A7F00C12C81 /* CTToastUtil.m */ = {isa = PBXFileReference; fileEncoding = 4; lastKnownFileType = sourcecode.c.objc; path = CTToastUtil.m; sourceTree = "<group>"; };
		E97D67C42B707A7F00C12C81 /* CTMD5Encrypt.h */ = {isa = PBXFileReference; fileEncoding = 4; lastKnownFileType = sourcecode.c.h; path = CTMD5Encrypt.h; sourceTree = "<group>"; };
		E97D67C52B707A7F00C12C81 /* CTEnvTool.m */ = {isa = PBXFileReference; fileEncoding = 4; lastKnownFileType = sourcecode.c.objc; path = CTEnvTool.m; sourceTree = "<group>"; };
		E97D67ED2B7080E500C12C81 /* PrefixHeader.pch */ = {isa = PBXFileReference; lastKnownFileType = sourcecode.c.h; path = PrefixHeader.pch; sourceTree = "<group>"; };
		E97D67EE2B712AAF00C12C81 /* UIButton+rapid.h */ = {isa = PBXFileReference; lastKnownFileType = sourcecode.c.h; path = "UIButton+rapid.h"; sourceTree = "<group>"; };
		E97D67EF2B712AAF00C12C81 /* UIButton+rapid.m */ = {isa = PBXFileReference; lastKnownFileType = sourcecode.c.objc; path = "UIButton+rapid.m"; sourceTree = "<group>"; };
		E97D67F52B712CBD00C12C81 /* UIViewController+add.h */ = {isa = PBXFileReference; lastKnownFileType = sourcecode.c.h; path = "UIViewController+add.h"; sourceTree = "<group>"; };
		E97D67F62B712CBD00C12C81 /* UIViewController+add.m */ = {isa = PBXFileReference; lastKnownFileType = sourcecode.c.objc; path = "UIViewController+add.m"; sourceTree = "<group>"; };
		E97D67F82B712E5200C12C81 /* UIView+ext.h */ = {isa = PBXFileReference; lastKnownFileType = sourcecode.c.h; path = "UIView+ext.h"; sourceTree = "<group>"; };
		E97D67F92B712E5200C12C81 /* UIView+ext.m */ = {isa = PBXFileReference; lastKnownFileType = sourcecode.c.objc; path = "UIView+ext.m"; sourceTree = "<group>"; };
		E97D67FB2B7131F300C12C81 /* UITextField+placeholder.h */ = {isa = PBXFileReference; lastKnownFileType = sourcecode.c.h; path = "UITextField+placeholder.h"; sourceTree = "<group>"; };
		E97D67FC2B7131F300C12C81 /* UITextField+placeholder.m */ = {isa = PBXFileReference; lastKnownFileType = sourcecode.c.objc; path = "UITextField+placeholder.m"; sourceTree = "<group>"; };
		E97D67FE2B71323D00C12C81 /* UITableViewCell+identifier.h */ = {isa = PBXFileReference; lastKnownFileType = sourcecode.c.h; path = "UITableViewCell+identifier.h"; sourceTree = "<group>"; };
		E97D67FF2B71323D00C12C81 /* UITableViewCell+identifier.m */ = {isa = PBXFileReference; lastKnownFileType = sourcecode.c.objc; path = "UITableViewCell+identifier.m"; sourceTree = "<group>"; };
		E97D68012B71329400C12C81 /* UITableView+clear.h */ = {isa = PBXFileReference; lastKnownFileType = sourcecode.c.h; path = "UITableView+clear.h"; sourceTree = "<group>"; };
		E97D68022B71329400C12C81 /* UITableView+clear.m */ = {isa = PBXFileReference; lastKnownFileType = sourcecode.c.objc; path = "UITableView+clear.m"; sourceTree = "<group>"; };
		E97D68042B72502D00C12C81 /* UILabel+string.h */ = {isa = PBXFileReference; lastKnownFileType = sourcecode.c.h; path = "UILabel+string.h"; sourceTree = "<group>"; };
		E97D68052B72502D00C12C81 /* UILabel+string.m */ = {isa = PBXFileReference; lastKnownFileType = sourcecode.c.objc; path = "UILabel+string.m"; sourceTree = "<group>"; };
		E97D68072B7250F300C12C81 /* UIImage+CT.h */ = {isa = PBXFileReference; lastKnownFileType = sourcecode.c.h; path = "UIImage+CT.h"; sourceTree = "<group>"; };
		E97D68082B7250F300C12C81 /* UIImage+CT.m */ = {isa = PBXFileReference; lastKnownFileType = sourcecode.c.objc; path = "UIImage+CT.m"; sourceTree = "<group>"; };
		E97D680A2B72515100C12C81 /* UIFont+App.h */ = {isa = PBXFileReference; lastKnownFileType = sourcecode.c.h; path = "UIFont+App.h"; sourceTree = "<group>"; };
		E97D680B2B72515100C12C81 /* UIFont+App.m */ = {isa = PBXFileReference; lastKnownFileType = sourcecode.c.objc; path = "UIFont+App.m"; sourceTree = "<group>"; };
		E97D680D2B7251CA00C12C81 /* UICollectionViewCell+identifier.h */ = {isa = PBXFileReference; lastKnownFileType = sourcecode.c.h; path = "UICollectionViewCell+identifier.h"; sourceTree = "<group>"; };
		E97D680E2B7251CA00C12C81 /* UICollectionViewCell+identifier.m */ = {isa = PBXFileReference; lastKnownFileType = sourcecode.c.objc; path = "UICollectionViewCell+identifier.m"; sourceTree = "<group>"; };
		E97D68102B72520B00C12C81 /* UIButton+countDown.h */ = {isa = PBXFileReference; lastKnownFileType = sourcecode.c.h; path = "UIButton+countDown.h"; sourceTree = "<group>"; };
		E97D68112B72520B00C12C81 /* UIButton+countDown.m */ = {isa = PBXFileReference; lastKnownFileType = sourcecode.c.objc; path = "UIButton+countDown.m"; sourceTree = "<group>"; };
		E97D68132B7274A400C12C81 /* CTPhotoTake.m */ = {isa = PBXFileReference; fileEncoding = 4; lastKnownFileType = sourcecode.c.objc; path = CTPhotoTake.m; sourceTree = "<group>"; };
		E97D68142B7274A400C12C81 /* CTPhotoTake.h */ = {isa = PBXFileReference; fileEncoding = 4; lastKnownFileType = sourcecode.c.h; path = CTPhotoTake.h; sourceTree = "<group>"; };
		E97D68172B73241800C12C81 /* CTWebController.h */ = {isa = PBXFileReference; lastKnownFileType = sourcecode.c.h; path = CTWebController.h; sourceTree = "<group>"; };
		E97D68182B73241800C12C81 /* CTWebController.m */ = {isa = PBXFileReference; lastKnownFileType = sourcecode.c.objc; path = CTWebController.m; sourceTree = "<group>"; };
		E97D681A2B73242700C12C81 /* CTJSOCWebController.h */ = {isa = PBXFileReference; lastKnownFileType = sourcecode.c.h; path = CTJSOCWebController.h; sourceTree = "<group>"; };
		E97D681B2B73242700C12C81 /* CTJSOCWebController.m */ = {isa = PBXFileReference; lastKnownFileType = sourcecode.c.objc; path = CTJSOCWebController.m; sourceTree = "<group>"; };
		E97D681D2B7359DB00C12C81 /* CTSettingsController.h */ = {isa = PBXFileReference; lastKnownFileType = sourcecode.c.h; path = CTSettingsController.h; sourceTree = "<group>"; };
		E97D681E2B7359DB00C12C81 /* CTSettingsController.m */ = {isa = PBXFileReference; lastKnownFileType = sourcecode.c.objc; path = CTSettingsController.m; sourceTree = "<group>"; };
		E9B79E242B7381E500DD3F95 /* CTIndexController.h */ = {isa = PBXFileReference; fileEncoding = 4; lastKnownFileType = sourcecode.c.h; path = CTIndexController.h; sourceTree = "<group>"; };
		E9B79E252B7381E500DD3F95 /* CTIndexController.m */ = {isa = PBXFileReference; fileEncoding = 4; lastKnownFileType = sourcecode.c.objc; path = CTIndexController.m; sourceTree = "<group>"; };
		E9B79E292B7381F700DD3F95 /* CTDemoModel.h */ = {isa = PBXFileReference; lastKnownFileType = sourcecode.c.h; path = CTDemoModel.h; sourceTree = "<group>"; };
		E9B79E2A2B7381F700DD3F95 /* CTDemoModel.m */ = {isa = PBXFileReference; lastKnownFileType = sourcecode.c.objc; path = CTDemoModel.m; sourceTree = "<group>"; };
		E9B79E2C2B73820400DD3F95 /* CTDemoCell.h */ = {isa = PBXFileReference; lastKnownFileType = sourcecode.c.h; path = CTDemoCell.h; sourceTree = "<group>"; };
		E9B79E2D2B73820400DD3F95 /* CTDemoCell.m */ = {isa = PBXFileReference; lastKnownFileType = sourcecode.c.objc; path = CTDemoCell.m; sourceTree = "<group>"; };
		E9B79E302B7CFBC700DD3F95 /* CTPagerDemoController.m */ = {isa = PBXFileReference; fileEncoding = 4; lastKnownFileType = sourcecode.c.objc; path = CTPagerDemoController.m; sourceTree = "<group>"; };
		E9B79E312B7CFBC700DD3F95 /* CTDiscoveryController.h */ = {isa = PBXFileReference; fileEncoding = 4; lastKnownFileType = sourcecode.c.h; path = CTDiscoveryController.h; sourceTree = "<group>"; };
		E9B79E322B7CFBC700DD3F95 /* CTPagerDemoController.h */ = {isa = PBXFileReference; fileEncoding = 4; lastKnownFileType = sourcecode.c.h; path = CTPagerDemoController.h; sourceTree = "<group>"; };
		E9B79E332B7CFBC700DD3F95 /* CTDiscoveryController.m */ = {isa = PBXFileReference; fileEncoding = 4; lastKnownFileType = sourcecode.c.objc; path = CTDiscoveryController.m; sourceTree = "<group>"; };
		E9B79E382B7CFE1B00DD3F95 /* CTIndexBannerView.h */ = {isa = PBXFileReference; lastKnownFileType = sourcecode.c.h; path = CTIndexBannerView.h; sourceTree = "<group>"; };
		E9B79E392B7CFE1B00DD3F95 /* CTIndexBannerView.m */ = {isa = PBXFileReference; lastKnownFileType = sourcecode.c.objc; path = CTIndexBannerView.m; sourceTree = "<group>"; };
		E9B79E3E2B7DB66A00DD3F95 /* CTPagerHeaderView.h */ = {isa = PBXFileReference; lastKnownFileType = sourcecode.c.h; path = CTPagerHeaderView.h; sourceTree = "<group>"; };
		E9B79E3F2B7DB66A00DD3F95 /* CTPagerHeaderView.m */ = {isa = PBXFileReference; lastKnownFileType = sourcecode.c.objc; path = CTPagerHeaderView.m; sourceTree = "<group>"; };
		E9B79E412B7DD10300DD3F95 /* CTSubPagerController.h */ = {isa = PBXFileReference; lastKnownFileType = sourcecode.c.h; path = CTSubPagerController.h; sourceTree = "<group>"; };
		E9B79E422B7DD10300DD3F95 /* CTSubPagerController.m */ = {isa = PBXFileReference; lastKnownFileType = sourcecode.c.objc; path = CTSubPagerController.m; sourceTree = "<group>"; };
		E9B79E442B7DD30B00DD3F95 /* poemList.plist */ = {isa = PBXFileReference; lastKnownFileType = text.plist.xml; path = poemList.plist; sourceTree = "<group>"; };
		E9B79E462B7DD9E600DD3F95 /* CTPagerDemo2Controller.h */ = {isa = PBXFileReference; lastKnownFileType = sourcecode.c.h; path = CTPagerDemo2Controller.h; sourceTree = "<group>"; };
		E9B79E472B7DD9E600DD3F95 /* CTPagerDemo2Controller.m */ = {isa = PBXFileReference; lastKnownFileType = sourcecode.c.objc; path = CTPagerDemo2Controller.m; sourceTree = "<group>"; };
		E9B79E492B7DDB9300DD3F95 /* CTCategoryTitleView.h */ = {isa = PBXFileReference; lastKnownFileType = sourcecode.c.h; path = CTCategoryTitleView.h; sourceTree = "<group>"; };
		E9B79E4A2B7DDB9300DD3F95 /* CTCategoryTitleView.m */ = {isa = PBXFileReference; lastKnownFileType = sourcecode.c.objc; path = CTCategoryTitleView.m; sourceTree = "<group>"; };
		E9B79E4C2B7DDBBA00DD3F95 /* CTCategoryCell.h */ = {isa = PBXFileReference; lastKnownFileType = sourcecode.c.h; path = CTCategoryCell.h; sourceTree = "<group>"; };
		E9B79E4D2B7DDBBA00DD3F95 /* CTCategoryCell.m */ = {isa = PBXFileReference; lastKnownFileType = sourcecode.c.objc; path = CTCategoryCell.m; sourceTree = "<group>"; };
/* End PBXFileReference section */

/* Begin PBXFrameworksBuildPhase section */
		E97D671A2B6FCC7600C12C81 /* Frameworks */ = {
			isa = PBXFrameworksBuildPhase;
			buildActionMask = 2147483647;
			files = (
				073F6C9137AE025C7883460A /* Pods_CTBaseOC.framework in Frameworks */,
			);
			runOnlyForDeploymentPostprocessing = 0;
		};
		E97D67352B6FCC7700C12C81 /* Frameworks */ = {
			isa = PBXFrameworksBuildPhase;
			buildActionMask = 2147483647;
			files = (
			);
			runOnlyForDeploymentPostprocessing = 0;
		};
		E97D673F2B6FCC7700C12C81 /* Frameworks */ = {
			isa = PBXFrameworksBuildPhase;
			buildActionMask = 2147483647;
			files = (
			);
			runOnlyForDeploymentPostprocessing = 0;
		};
/* End PBXFrameworksBuildPhase section */

/* Begin PBXGroup section */
		158BDF02D68A6F3FAA01431A /* Frameworks */ = {
			isa = PBXGroup;
			children = (
				328CDD853A37BF87BD769215 /* Pods_CTBaseOC.framework */,
			);
			name = Frameworks;
			sourceTree = "<group>";
		};
		603A2F22955ACA63D3935591 /* Pods */ = {
			isa = PBXGroup;
			children = (
				7139CE2D9FAE0E6E1F0405F5 /* Pods-CTBaseOC.debug.xcconfig */,
				8648FC96BF74F77C266609C4 /* Pods-CTBaseOC.release.xcconfig */,
			);
			path = Pods;
			sourceTree = "<group>";
		};
		E97D67142B6FCC7600C12C81 = {
			isa = PBXGroup;
			children = (
				E97D671F2B6FCC7600C12C81 /* CTBaseOC */,
				E97D673B2B6FCC7700C12C81 /* CTBaseOCTests */,
				E97D67452B6FCC7700C12C81 /* CTBaseOCUITests */,
				E97D671E2B6FCC7600C12C81 /* Products */,
				603A2F22955ACA63D3935591 /* Pods */,
				158BDF02D68A6F3FAA01431A /* Frameworks */,
			);
			sourceTree = "<group>";
		};
		E97D671E2B6FCC7600C12C81 /* Products */ = {
			isa = PBXGroup;
			children = (
				E97D671D2B6FCC7600C12C81 /* CTBaseOC.app */,
				E97D67382B6FCC7700C12C81 /* CTBaseOCTests.xctest */,
				E97D67422B6FCC7700C12C81 /* CTBaseOCUITests.xctest */,
			);
			name = Products;
			sourceTree = "<group>";
		};
		E97D671F2B6FCC7600C12C81 /* CTBaseOC */ = {
			isa = PBXGroup;
			children = (
				E97D67792B707A7F00C12C81 /* utils */,
				E97D67702B707A7F00C12C81 /* appdelegate */,
				E97D67552B707A7E00C12C81 /* classes */,
				E97D67EC2B707A8500C12C81 /* Supporting Files */,
			);
			path = CTBaseOC;
			sourceTree = "<group>";
		};
		E97D673B2B6FCC7700C12C81 /* CTBaseOCTests */ = {
			isa = PBXGroup;
			children = (
				E97D673C2B6FCC7700C12C81 /* CTBaseOCTests.m */,
			);
			path = CTBaseOCTests;
			sourceTree = "<group>";
		};
		E97D67452B6FCC7700C12C81 /* CTBaseOCUITests */ = {
			isa = PBXGroup;
			children = (
				E97D67462B6FCC7700C12C81 /* CTBaseOCUITests.m */,
				E97D67482B6FCC7700C12C81 /* CTBaseOCUITestsLaunchTests.m */,
			);
			path = CTBaseOCUITests;
			sourceTree = "<group>";
		};
		E97D67552B707A7E00C12C81 /* classes */ = {
			isa = PBXGroup;
			children = (
				E97D67672B707A7E00C12C81 /* base */,
				E97D67562B707A7E00C12C81 /* discovery */,
				E97D67612B707A7E00C12C81 /* index */,
				E97D67642B707A7E00C12C81 /* login */,
				E97D675E2B707A7E00C12C81 /* mine */,
				E97D67592B707A7E00C12C81 /* user */,
				E97D68162B7323C000C12C81 /* web */,
			);
			path = classes;
			sourceTree = "<group>";
		};
		E97D67562B707A7E00C12C81 /* discovery */ = {
			isa = PBXGroup;
			children = (
				E9B79E2F2B7CFBC700DD3F95 /* controller */,
				E9B79E342B7CFBC700DD3F95 /* model */,
				E9B79E352B7CFBC700DD3F95 /* view */,
			);
			path = discovery;
			sourceTree = "<group>";
		};
		E97D67592B707A7E00C12C81 /* user */ = {
			isa = PBXGroup;
			children = (
				E97D675C2B707A7E00C12C81 /* CTUserManager.h */,
				E97D675A2B707A7E00C12C81 /* CTUserManager.m */,
				E97D675D2B707A7E00C12C81 /* CTUserModel.h */,
				E97D675B2B707A7E00C12C81 /* CTUserModel.m */,
			);
			path = user;
			sourceTree = "<group>";
		};
		E97D675E2B707A7E00C12C81 /* mine */ = {
			isa = PBXGroup;
			children = (
				E97D67602B707A7E00C12C81 /* CTMineController.h */,
				E97D675F2B707A7E00C12C81 /* CTMineController.m */,
				E97D681D2B7359DB00C12C81 /* CTSettingsController.h */,
				E97D681E2B7359DB00C12C81 /* CTSettingsController.m */,
			);
			path = mine;
			sourceTree = "<group>";
		};
		E97D67612B707A7E00C12C81 /* index */ = {
			isa = PBXGroup;
			children = (
				E9B79E232B7381E500DD3F95 /* controller */,
				E9B79E262B7381E500DD3F95 /* model */,
				E9B79E272B7381E500DD3F95 /* view */,
			);
			path = index;
			sourceTree = "<group>";
		};
		E97D67642B707A7E00C12C81 /* login */ = {
			isa = PBXGroup;
			children = (
				E97D67662B707A7E00C12C81 /* CTLoginController.h */,
				E97D67652B707A7E00C12C81 /* CTLoginController.m */,
			);
			path = login;
			sourceTree = "<group>";
		};
		E97D67672B707A7E00C12C81 /* base */ = {
			isa = PBXGroup;
			children = (
				E97D676D2B707A7E00C12C81 /* CTBaseController.h */,
				E97D67692B707A7E00C12C81 /* CTBaseController.m */,
				E97D676F2B707A7E00C12C81 /* CTBaseModel.h */,
				E97D676A2B707A7E00C12C81 /* CTBaseModel.m */,
				E97D67682B707A7E00C12C81 /* CTNavigationController.h */,
				E97D676C2B707A7E00C12C81 /* CTNavigationController.m */,
				E97D676B2B707A7E00C12C81 /* CTTabBarController.h */,
				E97D676E2B707A7E00C12C81 /* CTTabBarController.m */,
			);
			path = base;
			sourceTree = "<group>";
		};
		E97D67702B707A7F00C12C81 /* appdelegate */ = {
			isa = PBXGroup;
			children = (
				E97D67722B707A7F00C12C81 /* AppDelegate.h */,
				E97D67762B707A7F00C12C81 /* AppDelegate.m */,
				E97D67742B707A7F00C12C81 /* AppDelegate+keyboard.h */,
				E97D67772B707A7F00C12C81 /* AppDelegate+keyboard.m */,
				E97D67712B707A7F00C12C81 /* AppDelegate+main.h */,
				E97D67752B707A7F00C12C81 /* AppDelegate+main.m */,
				E97D67732B707A7F00C12C81 /* AppDelegate+third.h */,
				E97D67782B707A7F00C12C81 /* AppDelegate+third.m */,
			);
			path = appdelegate;
			sourceTree = "<group>";
		};
		E97D67792B707A7F00C12C81 /* utils */ = {
			isa = PBXGroup;
			children = (
				E97D678F2B707A7F00C12C81 /* category */,
				E97D67B42B707A7F00C12C81 /* macro */,
				E97D67BD2B707A7F00C12C81 /* mediator */,
				E97D67AD2B707A7F00C12C81 /* network */,
				E97D677A2B707A7F00C12C81 /* vendors */,
			);
			path = utils;
			sourceTree = "<group>";
		};
		E97D677A2B707A7F00C12C81 /* vendors */ = {
			isa = PBXGroup;
			children = (
				E97D678B2B707A7F00C12C81 /* GTM */,
				E97D677B2B707A7F00C12C81 /* SDCycleScrollView */,
			);
			path = vendors;
			sourceTree = "<group>";
		};
		E97D677B2B707A7F00C12C81 /* SDCycleScrollView */ = {
			isa = PBXGroup;
			children = (
				E97D67822B707A7F00C12C81 /* PageControl */,
				E97D677E2B707A7F00C12C81 /* SDCollectionViewCell.h */,
				E97D67812B707A7F00C12C81 /* SDCollectionViewCell.m */,
				E97D677D2B707A7F00C12C81 /* SDCycleScrollView.h */,
				E97D677F2B707A7F00C12C81 /* SDCycleScrollView.m */,
				E97D677C2B707A7F00C12C81 /* UIView+SDExtension.h */,
				E97D67802B707A7F00C12C81 /* UIView+SDExtension.m */,
			);
			path = SDCycleScrollView;
			sourceTree = "<group>";
		};
		E97D67822B707A7F00C12C81 /* PageControl */ = {
			isa = PBXGroup;
			children = (
				E97D67832B707A7F00C12C81 /* TAAbstractDotView.h */,
				E97D67872B707A7F00C12C81 /* TAAbstractDotView.m */,
				E97D67892B707A7F00C12C81 /* TAAnimatedDotView.h */,
				E97D67862B707A7F00C12C81 /* TAAnimatedDotView.m */,
				E97D67882B707A7F00C12C81 /* TADotView.h */,
				E97D67842B707A7F00C12C81 /* TADotView.m */,
				E97D678A2B707A7F00C12C81 /* TAPageControl.h */,
				E97D67852B707A7F00C12C81 /* TAPageControl.m */,
			);
			path = PageControl;
			sourceTree = "<group>";
		};
		E97D678B2B707A7F00C12C81 /* GTM */ = {
			isa = PBXGroup;
			children = (
				E97D678C2B707A7F00C12C81 /* GTMBase64.h */,
				E97D678E2B707A7F00C12C81 /* GTMBase64.m */,
				E97D678D2B707A7F00C12C81 /* GTMDefines.h */,
			);
			path = GTM;
			sourceTree = "<group>";
		};
		E97D678F2B707A7F00C12C81 /* category */ = {
			isa = PBXGroup;
			children = (
				E97D679D2B707A7F00C12C81 /* CTCategory.h */,
				E97D67A22B707A7F00C12C81 /* MBProgressHUD */,
				E97D67AA2B707A7F00C12C81 /* NSDate */,
				E97D67A52B707A7F00C12C81 /* NSObject */,
				E97D679F2B707A7F00C12C81 /* NSString */,
				E97D67932B707A7F00C12C81 /* UIButton */,
				E97D679E2B707A7F00C12C81 /* UICollectionViewCell */,
				E97D67962B707A7F00C12C81 /* UIColor */,
				E97D679C2B707A7F00C12C81 /* UIFont */,
				E97D67902B707A7F00C12C81 /* UIImage */,
				E97D67912B707A7F00C12C81 /* UILabel */,
				E97D67A82B707A7F00C12C81 /* UITableView */,
				E97D67922B707A7F00C12C81 /* UITableViewCell */,
				E97D67A92B707A7F00C12C81 /* UITextField */,
				E97D679B2B707A7F00C12C81 /* UIView */,
				E97D67F42B712CAB00C12C81 /* UIViewController */,
			);
			path = category;
			sourceTree = "<group>";
		};
		E97D67902B707A7F00C12C81 /* UIImage */ = {
			isa = PBXGroup;
			children = (
				E97D68072B7250F300C12C81 /* UIImage+CT.h */,
				E97D68082B7250F300C12C81 /* UIImage+CT.m */,
			);
			path = UIImage;
			sourceTree = "<group>";
		};
		E97D67912B707A7F00C12C81 /* UILabel */ = {
			isa = PBXGroup;
			children = (
				E97D68042B72502D00C12C81 /* UILabel+string.h */,
				E97D68052B72502D00C12C81 /* UILabel+string.m */,
			);
			path = UILabel;
			sourceTree = "<group>";
		};
		E97D67922B707A7F00C12C81 /* UITableViewCell */ = {
			isa = PBXGroup;
			children = (
				E97D67FE2B71323D00C12C81 /* UITableViewCell+identifier.h */,
				E97D67FF2B71323D00C12C81 /* UITableViewCell+identifier.m */,
			);
			path = UITableViewCell;
			sourceTree = "<group>";
		};
		E97D67932B707A7F00C12C81 /* UIButton */ = {
			isa = PBXGroup;
			children = (
				E97D67952B707A7F00C12C81 /* UIButton+block.h */,
				E97D67942B707A7F00C12C81 /* UIButton+block.m */,
				E97D67EE2B712AAF00C12C81 /* UIButton+rapid.h */,
				E97D67EF2B712AAF00C12C81 /* UIButton+rapid.m */,
				E97D68102B72520B00C12C81 /* UIButton+countDown.h */,
				E97D68112B72520B00C12C81 /* UIButton+countDown.m */,
			);
			path = UIButton;
			sourceTree = "<group>";
		};
		E97D67962B707A7F00C12C81 /* UIColor */ = {
			isa = PBXGroup;
			children = (
				E97D67982B707A7F00C12C81 /* UIColor+App.h */,
				E97D679A2B707A7F00C12C81 /* UIColor+App.m */,
				E97D67992B707A7F00C12C81 /* UIColor+hex.h */,
				E97D67972B707A7F00C12C81 /* UIColor+hex.m */,
			);
			path = UIColor;
			sourceTree = "<group>";
		};
		E97D679B2B707A7F00C12C81 /* UIView */ = {
			isa = PBXGroup;
			children = (
				E97D67F82B712E5200C12C81 /* UIView+ext.h */,
				E97D67F92B712E5200C12C81 /* UIView+ext.m */,
			);
			path = UIView;
			sourceTree = "<group>";
		};
		E97D679C2B707A7F00C12C81 /* UIFont */ = {
			isa = PBXGroup;
			children = (
				E97D680A2B72515100C12C81 /* UIFont+App.h */,
				E97D680B2B72515100C12C81 /* UIFont+App.m */,
			);
			path = UIFont;
			sourceTree = "<group>";
		};
		E97D679E2B707A7F00C12C81 /* UICollectionViewCell */ = {
			isa = PBXGroup;
			children = (
				E97D680D2B7251CA00C12C81 /* UICollectionViewCell+identifier.h */,
				E97D680E2B7251CA00C12C81 /* UICollectionViewCell+identifier.m */,
			);
			path = UICollectionViewCell;
			sourceTree = "<group>";
		};
		E97D679F2B707A7F00C12C81 /* NSString */ = {
			isa = PBXGroup;
			children = (
				E97D67A02B707A7F00C12C81 /* NSString+CT.h */,
				E97D67A12B707A7F00C12C81 /* NSString+CT.m */,
			);
			path = NSString;
			sourceTree = "<group>";
		};
		E97D67A22B707A7F00C12C81 /* MBProgressHUD */ = {
			isa = PBXGroup;
			children = (
				E97D67A32B707A7F00C12C81 /* MBProgressHUD+CTHUD.h */,
				E97D67A42B707A7F00C12C81 /* MBProgressHUD+CTHUD.m */,
			);
			path = MBProgressHUD;
			sourceTree = "<group>";
		};
		E97D67A52B707A7F00C12C81 /* NSObject */ = {
			isa = PBXGroup;
			children = (
				E97D67A62B707A7F00C12C81 /* NSObject+CTLog.h */,
				E97D67A72B707A7F00C12C81 /* NSObject+CTLog.m */,
			);
			path = NSObject;
			sourceTree = "<group>";
		};
		E97D67A82B707A7F00C12C81 /* UITableView */ = {
			isa = PBXGroup;
			children = (
				E97D68012B71329400C12C81 /* UITableView+clear.h */,
				E97D68022B71329400C12C81 /* UITableView+clear.m */,
			);
			path = UITableView;
			sourceTree = "<group>";
		};
		E97D67A92B707A7F00C12C81 /* UITextField */ = {
			isa = PBXGroup;
			children = (
				E97D67FB2B7131F300C12C81 /* UITextField+placeholder.h */,
				E97D67FC2B7131F300C12C81 /* UITextField+placeholder.m */,
			);
			path = UITextField;
			sourceTree = "<group>";
		};
		E97D67AA2B707A7F00C12C81 /* NSDate */ = {
			isa = PBXGroup;
			children = (
				E97D67AB2B707A7F00C12C81 /* NSDate+Extension.h */,
				E97D67AC2B707A7F00C12C81 /* NSDate+Extension.m */,
			);
			path = NSDate;
			sourceTree = "<group>";
		};
		E97D67AD2B707A7F00C12C81 /* network */ = {
			isa = PBXGroup;
			children = (
				E97D67B02B707A7F00C12C81 /* AES128Util.h */,
				E97D67B32B707A7F00C12C81 /* AES128Util.m */,
				E97D67AF2B707A7F00C12C81 /* CTHTTPSessionManager.h */,
				E97D67B12B707A7F00C12C81 /* CTHTTPSessionManager.m */,
				E97D67B22B707A7F00C12C81 /* CTNetService.h */,
				E97D67AE2B707A7F00C12C81 /* CTNetService.m */,
			);
			path = network;
			sourceTree = "<group>";
		};
		E97D67B42B707A7F00C12C81 /* macro */ = {
			isa = PBXGroup;
			children = (
				E97D67BA2B707A7F00C12C81 /* macro.h */,
				E97D67B52B707A7F00C12C81 /* CTConfiguration.h */,
				E97D67BB2B707A7F00C12C81 /* CTConfiguration.m */,
				E97D67BC2B707A7F00C12C81 /* CTInterfaceDefine.h */,
				E97D67B92B707A7F00C12C81 /* CTInterfaceDefine.m */,
				E97D67B72B707A7F00C12C81 /* CTKey.h */,
				E97D67B62B707A7F00C12C81 /* CTNotificationDefine.h */,
				E97D67B82B707A7F00C12C81 /* CTPublicDefine.h */,
			);
			path = macro;
			sourceTree = "<group>";
		};
		E97D67BD2B707A7F00C12C81 /* mediator */ = {
			isa = PBXGroup;
			children = (
				E97D67C12B707A7F00C12C81 /* CTEnvTool.h */,
				E97D67C52B707A7F00C12C81 /* CTEnvTool.m */,
				E97D67C42B707A7F00C12C81 /* CTMD5Encrypt.h */,
				E97D67C02B707A7F00C12C81 /* CTMD5Encrypt.m */,
				E97D68142B7274A400C12C81 /* CTPhotoTake.h */,
				E97D68132B7274A400C12C81 /* CTPhotoTake.m */,
				E97D67BE2B707A7F00C12C81 /* CTToastUtil.h */,
				E97D67C32B707A7F00C12C81 /* CTToastUtil.m */,
				E97D67BF2B707A7F00C12C81 /* CTTool.h */,
				E97D67C22B707A7F00C12C81 /* CTTool.m */,
			);
			path = mediator;
			sourceTree = "<group>";
		};
		E97D67EC2B707A8500C12C81 /* Supporting Files */ = {
			isa = PBXGroup;
			children = (
				E97D672C2B6FCC7700C12C81 /* Assets.xcassets */,
				E97D67312B6FCC7700C12C81 /* Info.plist */,
				E97D672E2B6FCC7700C12C81 /* LaunchScreen.storyboard */,
				E97D67322B6FCC7700C12C81 /* main.m */,
				E97D67ED2B7080E500C12C81 /* PrefixHeader.pch */,
				E9B79E442B7DD30B00DD3F95 /* poemList.plist */,
			);
			name = "Supporting Files";
			sourceTree = "<group>";
		};
		E97D67F42B712CAB00C12C81 /* UIViewController */ = {
			isa = PBXGroup;
			children = (
				E97D67F52B712CBD00C12C81 /* UIViewController+add.h */,
				E97D67F62B712CBD00C12C81 /* UIViewController+add.m */,
			);
			path = UIViewController;
			sourceTree = "<group>";
		};
		E97D68162B7323C000C12C81 /* web */ = {
			isa = PBXGroup;
			children = (
				E97D68172B73241800C12C81 /* CTWebController.h */,
				E97D68182B73241800C12C81 /* CTWebController.m */,
				E97D681A2B73242700C12C81 /* CTJSOCWebController.h */,
				E97D681B2B73242700C12C81 /* CTJSOCWebController.m */,
			);
			path = web;
			sourceTree = "<group>";
		};
		E9B79E232B7381E500DD3F95 /* controller */ = {
			isa = PBXGroup;
			children = (
				E9B79E242B7381E500DD3F95 /* CTIndexController.h */,
				E9B79E252B7381E500DD3F95 /* CTIndexController.m */,
			);
			path = controller;
			sourceTree = "<group>";
		};
		E9B79E262B7381E500DD3F95 /* model */ = {
			isa = PBXGroup;
			children = (
				E9B79E292B7381F700DD3F95 /* CTDemoModel.h */,
				E9B79E2A2B7381F700DD3F95 /* CTDemoModel.m */,
			);
			path = model;
			sourceTree = "<group>";
		};
		E9B79E272B7381E500DD3F95 /* view */ = {
			isa = PBXGroup;
			children = (
				E9B79E2C2B73820400DD3F95 /* CTDemoCell.h */,
				E9B79E2D2B73820400DD3F95 /* CTDemoCell.m */,
				E9B79E382B7CFE1B00DD3F95 /* CTIndexBannerView.h */,
				E9B79E392B7CFE1B00DD3F95 /* CTIndexBannerView.m */,
			);
			path = view;
			sourceTree = "<group>";
		};
		E9B79E2F2B7CFBC700DD3F95 /* controller */ = {
			isa = PBXGroup;
			children = (
				E9B79E312B7CFBC700DD3F95 /* CTDiscoveryController.h */,
				E9B79E332B7CFBC700DD3F95 /* CTDiscoveryController.m */,
				E9B79E322B7CFBC700DD3F95 /* CTPagerDemoController.h */,
				E9B79E302B7CFBC700DD3F95 /* CTPagerDemoController.m */,
				E9B79E412B7DD10300DD3F95 /* CTSubPagerController.h */,
				E9B79E422B7DD10300DD3F95 /* CTSubPagerController.m */,
				E9B79E462B7DD9E600DD3F95 /* CTPagerDemo2Controller.h */,
				E9B79E472B7DD9E600DD3F95 /* CTPagerDemo2Controller.m */,
			);
			path = controller;
			sourceTree = "<group>";
		};
		E9B79E342B7CFBC700DD3F95 /* model */ = {
			isa = PBXGroup;
			children = (
			);
			path = model;
			sourceTree = "<group>";
		};
		E9B79E352B7CFBC700DD3F95 /* view */ = {
			isa = PBXGroup;
			children = (
				E9B79E3E2B7DB66A00DD3F95 /* CTPagerHeaderView.h */,
				E9B79E3F2B7DB66A00DD3F95 /* CTPagerHeaderView.m */,
				E9B79E492B7DDB9300DD3F95 /* CTCategoryTitleView.h */,
				E9B79E4A2B7DDB9300DD3F95 /* CTCategoryTitleView.m */,
				E9B79E4C2B7DDBBA00DD3F95 /* CTCategoryCell.h */,
				E9B79E4D2B7DDBBA00DD3F95 /* CTCategoryCell.m */,
			);
			path = view;
			sourceTree = "<group>";
		};
/* End PBXGroup section */

/* Begin PBXNativeTarget section */
		E97D671C2B6FCC7600C12C81 /* CTBaseOC */ = {
			isa = PBXNativeTarget;
			buildConfigurationList = E97D674C2B6FCC7700C12C81 /* Build configuration list for PBXNativeTarget "CTBaseOC" */;
			buildPhases = (
				BDF94B8A33C124AFB33A2225 /* [CP] Check Pods Manifest.lock */,
				E97D67192B6FCC7600C12C81 /* Sources */,
				E97D671A2B6FCC7600C12C81 /* Frameworks */,
				E97D671B2B6FCC7600C12C81 /* Resources */,
				269DB4ACBF5BFDDD3F2A4837 /* [CP] Embed Pods Frameworks */,
			);
			buildRules = (
			);
			dependencies = (
			);
			name = CTBaseOC;
			productName = CTBaseOC;
			productReference = E97D671D2B6FCC7600C12C81 /* CTBaseOC.app */;
			productType = "com.apple.product-type.application";
		};
		E97D67372B6FCC7700C12C81 /* CTBaseOCTests */ = {
			isa = PBXNativeTarget;
			buildConfigurationList = E97D674F2B6FCC7700C12C81 /* Build configuration list for PBXNativeTarget "CTBaseOCTests" */;
			buildPhases = (
				E97D67342B6FCC7700C12C81 /* Sources */,
				E97D67352B6FCC7700C12C81 /* Frameworks */,
				E97D67362B6FCC7700C12C81 /* Resources */,
			);
			buildRules = (
			);
			dependencies = (
				E97D673A2B6FCC7700C12C81 /* PBXTargetDependency */,
			);
			name = CTBaseOCTests;
			productName = CTBaseOCTests;
			productReference = E97D67382B6FCC7700C12C81 /* CTBaseOCTests.xctest */;
			productType = "com.apple.product-type.bundle.unit-test";
		};
		E97D67412B6FCC7700C12C81 /* CTBaseOCUITests */ = {
			isa = PBXNativeTarget;
			buildConfigurationList = E97D67522B6FCC7700C12C81 /* Build configuration list for PBXNativeTarget "CTBaseOCUITests" */;
			buildPhases = (
				E97D673E2B6FCC7700C12C81 /* Sources */,
				E97D673F2B6FCC7700C12C81 /* Frameworks */,
				E97D67402B6FCC7700C12C81 /* Resources */,
			);
			buildRules = (
			);
			dependencies = (
				E97D67442B6FCC7700C12C81 /* PBXTargetDependency */,
			);
			name = CTBaseOCUITests;
			productName = CTBaseOCUITests;
			productReference = E97D67422B6FCC7700C12C81 /* CTBaseOCUITests.xctest */;
			productType = "com.apple.product-type.bundle.ui-testing";
		};
/* End PBXNativeTarget section */

/* Begin PBXProject section */
		E97D67152B6FCC7600C12C81 /* Project object */ = {
			isa = PBXProject;
			attributes = {
				BuildIndependentTargetsInParallel = 1;
				CLASSPREFIX = CT;
				LastUpgradeCheck = 1500;
				ORGANIZATIONNAME = CT;
				TargetAttributes = {
					E97D671C2B6FCC7600C12C81 = {
						CreatedOnToolsVersion = 15.0;
					};
					E97D67372B6FCC7700C12C81 = {
						CreatedOnToolsVersion = 15.0;
						TestTargetID = E97D671C2B6FCC7600C12C81;
					};
					E97D67412B6FCC7700C12C81 = {
						CreatedOnToolsVersion = 15.0;
						TestTargetID = E97D671C2B6FCC7600C12C81;
					};
				};
			};
			buildConfigurationList = E97D67182B6FCC7600C12C81 /* Build configuration list for PBXProject "CTBaseOC" */;
			compatibilityVersion = "Xcode 14.0";
			developmentRegion = en;
			hasScannedForEncodings = 0;
			knownRegions = (
				en,
				Base,
			);
			mainGroup = E97D67142B6FCC7600C12C81;
			productRefGroup = E97D671E2B6FCC7600C12C81 /* Products */;
			projectDirPath = "";
			projectRoot = "";
			targets = (
				E97D671C2B6FCC7600C12C81 /* CTBaseOC */,
				E97D67372B6FCC7700C12C81 /* CTBaseOCTests */,
				E97D67412B6FCC7700C12C81 /* CTBaseOCUITests */,
			);
		};
/* End PBXProject section */

/* Begin PBXResourcesBuildPhase section */
		E97D671B2B6FCC7600C12C81 /* Resources */ = {
			isa = PBXResourcesBuildPhase;
			buildActionMask = 2147483647;
			files = (
				E97D67302B6FCC7700C12C81 /* LaunchScreen.storyboard in Resources */,
				E9B79E452B7DD30B00DD3F95 /* poemList.plist in Resources */,
				E97D672D2B6FCC7700C12C81 /* Assets.xcassets in Resources */,
			);
			runOnlyForDeploymentPostprocessing = 0;
		};
		E97D67362B6FCC7700C12C81 /* Resources */ = {
			isa = PBXResourcesBuildPhase;
			buildActionMask = 2147483647;
			files = (
			);
			runOnlyForDeploymentPostprocessing = 0;
		};
		E97D67402B6FCC7700C12C81 /* Resources */ = {
			isa = PBXResourcesBuildPhase;
			buildActionMask = 2147483647;
			files = (
			);
			runOnlyForDeploymentPostprocessing = 0;
		};
/* End PBXResourcesBuildPhase section */

/* Begin PBXShellScriptBuildPhase section */
		269DB4ACBF5BFDDD3F2A4837 /* [CP] Embed Pods Frameworks */ = {
			isa = PBXShellScriptBuildPhase;
			buildActionMask = 2147483647;
			files = (
			);
			inputFileListPaths = (
				"${PODS_ROOT}/Target Support Files/Pods-CTBaseOC/Pods-CTBaseOC-frameworks-${CONFIGURATION}-input-files.xcfilelist",
			);
			name = "[CP] Embed Pods Frameworks";
			outputFileListPaths = (
				"${PODS_ROOT}/Target Support Files/Pods-CTBaseOC/Pods-CTBaseOC-frameworks-${CONFIGURATION}-output-files.xcfilelist",
			);
			runOnlyForDeploymentPostprocessing = 0;
			shellPath = /bin/sh;
			shellScript = "\"${PODS_ROOT}/Target Support Files/Pods-CTBaseOC/Pods-CTBaseOC-frameworks.sh\"\n";
			showEnvVarsInLog = 0;
		};
		BDF94B8A33C124AFB33A2225 /* [CP] Check Pods Manifest.lock */ = {
			isa = PBXShellScriptBuildPhase;
			buildActionMask = 2147483647;
			files = (
			);
			inputFileListPaths = (
			);
			inputPaths = (
				"${PODS_PODFILE_DIR_PATH}/Podfile.lock",
				"${PODS_ROOT}/Manifest.lock",
			);
			name = "[CP] Check Pods Manifest.lock";
			outputFileListPaths = (
			);
			outputPaths = (
				"$(DERIVED_FILE_DIR)/Pods-CTBaseOC-checkManifestLockResult.txt",
			);
			runOnlyForDeploymentPostprocessing = 0;
			shellPath = /bin/sh;
			shellScript = "diff \"${PODS_PODFILE_DIR_PATH}/Podfile.lock\" \"${PODS_ROOT}/Manifest.lock\" > /dev/null\nif [ $? != 0 ] ; then\n    # print error to STDERR\n    echo \"error: The sandbox is not in sync with the Podfile.lock. Run 'pod install' or update your CocoaPods installation.\" >&2\n    exit 1\nfi\n# This output is used by Xcode 'outputs' to avoid re-running this script phase.\necho \"SUCCESS\" > \"${SCRIPT_OUTPUT_FILE_0}\"\n";
			showEnvVarsInLog = 0;
		};
/* End PBXShellScriptBuildPhase section */

/* Begin PBXSourcesBuildPhase section */
		E97D67192B6FCC7600C12C81 /* Sources */ = {
			isa = PBXSourcesBuildPhase;
			buildActionMask = 2147483647;
			files = (
				E97D680F2B7251CA00C12C81 /* UICollectionViewCell+identifier.m in Sources */,
				E97D68122B72520B00C12C81 /* UIButton+countDown.m in Sources */,
				E97D67F02B712AAF00C12C81 /* UIButton+rapid.m in Sources */,
				E97D67C92B707A7F00C12C81 /* CTMineController.m in Sources */,
				E97D67FA2B712E5200C12C81 /* UIView+ext.m in Sources */,
				E9B79E2B2B7381F700DD3F95 /* CTDemoModel.m in Sources */,
				E97D67DF2B707A7F00C12C81 /* NSString+CT.m in Sources */,
				E97D67E32B707A7F00C12C81 /* CTNetService.m in Sources */,
				E97D67E62B707A7F00C12C81 /* CTInterfaceDefine.m in Sources */,
				E9B79E282B7381E500DD3F95 /* CTIndexController.m in Sources */,
				E97D68032B71329400C12C81 /* UITableView+clear.m in Sources */,
				E97D67EA2B707A7F00C12C81 /* CTToastUtil.m in Sources */,
				E97D680C2B72515100C12C81 /* UIFont+App.m in Sources */,
				E9B79E372B7CFBC700DD3F95 /* CTDiscoveryController.m in Sources */,
				E97D67C72B707A7F00C12C81 /* CTUserManager.m in Sources */,
				E97D67CE2B707A7F00C12C81 /* CTNavigationController.m in Sources */,
				E97D67DA2B707A7F00C12C81 /* TAAbstractDotView.m in Sources */,
				E97D67CF2B707A7F00C12C81 /* CTTabBarController.m in Sources */,
				E97D67EB2B707A7F00C12C81 /* CTEnvTool.m in Sources */,
				E97D67E42B707A7F00C12C81 /* CTHTTPSessionManager.m in Sources */,
				E97D67FD2B7131F300C12C81 /* UITextField+placeholder.m in Sources */,
				E97D67CB2B707A7F00C12C81 /* CTLoginController.m in Sources */,
				E97D681F2B7359DB00C12C81 /* CTSettingsController.m in Sources */,
				E97D67CC2B707A7F00C12C81 /* CTBaseController.m in Sources */,
				E97D67E82B707A7F00C12C81 /* CTMD5Encrypt.m in Sources */,
				E9B79E432B7DD10300DD3F95 /* CTSubPagerController.m in Sources */,
				E97D67332B6FCC7700C12C81 /* main.m in Sources */,
				E9B79E362B7CFBC700DD3F95 /* CTPagerDemoController.m in Sources */,
				E97D681C2B73242700C12C81 /* CTJSOCWebController.m in Sources */,
				E97D68062B72502D00C12C81 /* UILabel+string.m in Sources */,
				E97D68002B71323D00C12C81 /* UITableViewCell+identifier.m in Sources */,
				E9B79E482B7DD9E600DD3F95 /* CTPagerDemo2Controller.m in Sources */,
				E97D67D12B707A7F00C12C81 /* AppDelegate.m in Sources */,
				E97D67E12B707A7F00C12C81 /* NSObject+CTLog.m in Sources */,
				E97D67E92B707A7F00C12C81 /* CTTool.m in Sources */,
				E97D67E72B707A7F00C12C81 /* CTConfiguration.m in Sources */,
				E9B79E3A2B7CFE1B00DD3F95 /* CTIndexBannerView.m in Sources */,
				E9B79E2E2B73820400DD3F95 /* CTDemoCell.m in Sources */,
				E97D67DB2B707A7F00C12C81 /* GTMBase64.m in Sources */,
				E97D67D92B707A7F00C12C81 /* TAAnimatedDotView.m in Sources */,
				E9B79E4B2B7DDB9300DD3F95 /* CTCategoryTitleView.m in Sources */,
				E97D67DC2B707A7F00C12C81 /* UIButton+block.m in Sources */,
				E97D67CD2B707A7F00C12C81 /* CTBaseModel.m in Sources */,
				E97D67D22B707A7F00C12C81 /* AppDelegate+keyboard.m in Sources */,
				E97D68192B73241800C12C81 /* CTWebController.m in Sources */,
				E97D67F72B712CBD00C12C81 /* UIViewController+add.m in Sources */,
				E97D68092B7250F300C12C81 /* UIImage+CT.m in Sources */,
				E97D67D72B707A7F00C12C81 /* TADotView.m in Sources */,
				E97D67D32B707A7F00C12C81 /* AppDelegate+third.m in Sources */,
				E97D67D02B707A7F00C12C81 /* AppDelegate+main.m in Sources */,
				E97D67C82B707A7F00C12C81 /* CTUserModel.m in Sources */,
				E9B79E4E2B7DDBBA00DD3F95 /* CTCategoryCell.m in Sources */,
				E97D67E52B707A7F00C12C81 /* AES128Util.m in Sources */,
				E97D67E02B707A7F00C12C81 /* MBProgressHUD+CTHUD.m in Sources */,
				E97D67D52B707A7F00C12C81 /* UIView+SDExtension.m in Sources */,
				E97D67D82B707A7F00C12C81 /* TAPageControl.m in Sources */,
				E97D68152B7274A400C12C81 /* CTPhotoTake.m in Sources */,
				E97D67DD2B707A7F00C12C81 /* UIColor+hex.m in Sources */,
				E97D67E22B707A7F00C12C81 /* NSDate+Extension.m in Sources */,
				E97D67D42B707A7F00C12C81 /* SDCycleScrollView.m in Sources */,
				E97D67D62B707A7F00C12C81 /* SDCollectionViewCell.m in Sources */,
				E9B79E402B7DB66A00DD3F95 /* CTPagerHeaderView.m in Sources */,
				E97D67DE2B707A7F00C12C81 /* UIColor+App.m in Sources */,
			);
			runOnlyForDeploymentPostprocessing = 0;
		};
		E97D67342B6FCC7700C12C81 /* Sources */ = {
			isa = PBXSourcesBuildPhase;
			buildActionMask = 2147483647;
			files = (
				E97D673D2B6FCC7700C12C81 /* CTBaseOCTests.m in Sources */,
			);
			runOnlyForDeploymentPostprocessing = 0;
		};
		E97D673E2B6FCC7700C12C81 /* Sources */ = {
			isa = PBXSourcesBuildPhase;
			buildActionMask = 2147483647;
			files = (
				E97D67492B6FCC7700C12C81 /* CTBaseOCUITestsLaunchTests.m in Sources */,
				E97D67472B6FCC7700C12C81 /* CTBaseOCUITests.m in Sources */,
			);
			runOnlyForDeploymentPostprocessing = 0;
		};
/* End PBXSourcesBuildPhase section */

/* Begin PBXTargetDependency section */
		E97D673A2B6FCC7700C12C81 /* PBXTargetDependency */ = {
			isa = PBXTargetDependency;
			target = E97D671C2B6FCC7600C12C81 /* CTBaseOC */;
			targetProxy = E97D67392B6FCC7700C12C81 /* PBXContainerItemProxy */;
		};
		E97D67442B6FCC7700C12C81 /* PBXTargetDependency */ = {
			isa = PBXTargetDependency;
			target = E97D671C2B6FCC7600C12C81 /* CTBaseOC */;
			targetProxy = E97D67432B6FCC7700C12C81 /* PBXContainerItemProxy */;
		};
/* End PBXTargetDependency section */

/* Begin PBXVariantGroup section */
		E97D672E2B6FCC7700C12C81 /* LaunchScreen.storyboard */ = {
			isa = PBXVariantGroup;
			children = (
				E97D672F2B6FCC7700C12C81 /* Base */,
			);
			name = LaunchScreen.storyboard;
			sourceTree = "<group>";
		};
/* End PBXVariantGroup section */

/* Begin XCBuildConfiguration section */
		E97D674A2B6FCC7700C12C81 /* Debug */ = {
			isa = XCBuildConfiguration;
			buildSettings = {
				ALWAYS_SEARCH_USER_PATHS = NO;
				ASSETCATALOG_COMPILER_GENERATE_SWIFT_ASSET_SYMBOL_EXTENSIONS = YES;
				CLANG_ANALYZER_NONNULL = YES;
				CLANG_ANALYZER_NUMBER_OBJECT_CONVERSION = YES_AGGRESSIVE;
				CLANG_CXX_LANGUAGE_STANDARD = "gnu++20";
				CLANG_ENABLE_MODULES = YES;
				CLANG_ENABLE_OBJC_ARC = YES;
				CLANG_ENABLE_OBJC_WEAK = YES;
				CLANG_WARN_BLOCK_CAPTURE_AUTORELEASING = YES;
				CLANG_WARN_BOOL_CONVERSION = YES;
				CLANG_WARN_COMMA = YES;
				CLANG_WARN_CONSTANT_CONVERSION = YES;
				CLANG_WARN_DEPRECATED_OBJC_IMPLEMENTATIONS = YES;
				CLANG_WARN_DIRECT_OBJC_ISA_USAGE = YES_ERROR;
				CLANG_WARN_DOCUMENTATION_COMMENTS = YES;
				CLANG_WARN_EMPTY_BODY = YES;
				CLANG_WARN_ENUM_CONVERSION = YES;
				CLANG_WARN_INFINITE_RECURSION = YES;
				CLANG_WARN_INT_CONVERSION = YES;
				CLANG_WARN_NON_LITERAL_NULL_CONVERSION = YES;
				CLANG_WARN_OBJC_IMPLICIT_RETAIN_SELF = YES;
				CLANG_WARN_OBJC_LITERAL_CONVERSION = YES;
				CLANG_WARN_OBJC_ROOT_CLASS = YES_ERROR;
				CLANG_WARN_QUOTED_INCLUDE_IN_FRAMEWORK_HEADER = YES;
				CLANG_WARN_RANGE_LOOP_ANALYSIS = YES;
				CLANG_WARN_STRICT_PROTOTYPES = YES;
				CLANG_WARN_SUSPICIOUS_MOVE = YES;
				CLANG_WARN_UNGUARDED_AVAILABILITY = YES_AGGRESSIVE;
				CLANG_WARN_UNREACHABLE_CODE = YES;
				CLANG_WARN__DUPLICATE_METHOD_MATCH = YES;
				COPY_PHASE_STRIP = NO;
				DEBUG_INFORMATION_FORMAT = dwarf;
				ENABLE_STRICT_OBJC_MSGSEND = YES;
				ENABLE_TESTABILITY = YES;
				ENABLE_USER_SCRIPT_SANDBOXING = NO;
				GCC_C_LANGUAGE_STANDARD = gnu17;
				GCC_DYNAMIC_NO_PIC = NO;
				GCC_NO_COMMON_BLOCKS = YES;
				GCC_OPTIMIZATION_LEVEL = 0;
				GCC_PREPROCESSOR_DEFINITIONS = (
					"DEBUG=1",
					"$(inherited)",
				);
				GCC_WARN_64_TO_32_BIT_CONVERSION = YES;
				GCC_WARN_ABOUT_RETURN_TYPE = YES_ERROR;
				GCC_WARN_UNDECLARED_SELECTOR = YES;
				GCC_WARN_UNINITIALIZED_AUTOS = YES_AGGRESSIVE;
				GCC_WARN_UNUSED_FUNCTION = YES;
				GCC_WARN_UNUSED_VARIABLE = YES;
				IPHONEOS_DEPLOYMENT_TARGET = 12.0;
				LOCALIZATION_PREFERS_STRING_CATALOGS = YES;
				ONLY_ACTIVE_ARCH = YES;
				SDKROOT = iphoneos;
			};
			name = Debug;
		};
		E97D674B2B6FCC7700C12C81 /* Release */ = {
			isa = XCBuildConfiguration;
			buildSettings = {
				ALWAYS_SEARCH_USER_PATHS = NO;
				ASSETCATALOG_COMPILER_GENERATE_SWIFT_ASSET_SYMBOL_EXTENSIONS = YES;
				CLANG_ANALYZER_NONNULL = YES;
				CLANG_ANALYZER_NUMBER_OBJECT_CONVERSION = YES_AGGRESSIVE;
				CLANG_CXX_LANGUAGE_STANDARD = "gnu++20";
				CLANG_ENABLE_MODULES = YES;
				CLANG_ENABLE_OBJC_ARC = YES;
				CLANG_ENABLE_OBJC_WEAK = YES;
				CLANG_WARN_BLOCK_CAPTURE_AUTORELEASING = YES;
				CLANG_WARN_BOOL_CONVERSION = YES;
				CLANG_WARN_COMMA = YES;
				CLANG_WARN_CONSTANT_CONVERSION = YES;
				CLANG_WARN_DEPRECATED_OBJC_IMPLEMENTATIONS = YES;
				CLANG_WARN_DIRECT_OBJC_ISA_USAGE = YES_ERROR;
				CLANG_WARN_DOCUMENTATION_COMMENTS = YES;
				CLANG_WARN_EMPTY_BODY = YES;
				CLANG_WARN_ENUM_CONVERSION = YES;
				CLANG_WARN_INFINITE_RECURSION = YES;
				CLANG_WARN_INT_CONVERSION = YES;
				CLANG_WARN_NON_LITERAL_NULL_CONVERSION = YES;
				CLANG_WARN_OBJC_IMPLICIT_RETAIN_SELF = YES;
				CLANG_WARN_OBJC_LITERAL_CONVERSION = YES;
				CLANG_WARN_OBJC_ROOT_CLASS = YES_ERROR;
				CLANG_WARN_QUOTED_INCLUDE_IN_FRAMEWORK_HEADER = YES;
				CLANG_WARN_RANGE_LOOP_ANALYSIS = YES;
				CLANG_WARN_STRICT_PROTOTYPES = YES;
				CLANG_WARN_SUSPICIOUS_MOVE = YES;
				CLANG_WARN_UNGUARDED_AVAILABILITY = YES_AGGRESSIVE;
				CLANG_WARN_UNREACHABLE_CODE = YES;
				CLANG_WARN__DUPLICATE_METHOD_MATCH = YES;
				COPY_PHASE_STRIP = NO;
				DEBUG_INFORMATION_FORMAT = "dwarf-with-dsym";
				ENABLE_NS_ASSERTIONS = NO;
				ENABLE_STRICT_OBJC_MSGSEND = YES;
				ENABLE_USER_SCRIPT_SANDBOXING = NO;
				GCC_C_LANGUAGE_STANDARD = gnu17;
				GCC_NO_COMMON_BLOCKS = YES;
				GCC_WARN_64_TO_32_BIT_CONVERSION = YES;
				GCC_WARN_ABOUT_RETURN_TYPE = YES_ERROR;
				GCC_WARN_UNDECLARED_SELECTOR = YES;
				GCC_WARN_UNINITIALIZED_AUTOS = YES_AGGRESSIVE;
				GCC_WARN_UNUSED_FUNCTION = YES;
				GCC_WARN_UNUSED_VARIABLE = YES;
				IPHONEOS_DEPLOYMENT_TARGET = 12.0;
				LOCALIZATION_PREFERS_STRING_CATALOGS = YES;
				SDKROOT = iphoneos;
				VALIDATE_PRODUCT = YES;
			};
			name = Release;
		};
		E97D674D2B6FCC7700C12C81 /* Debug */ = {
			isa = XCBuildConfiguration;
			baseConfigurationReference = 7139CE2D9FAE0E6E1F0405F5 /* Pods-CTBaseOC.debug.xcconfig */;
			buildSettings = {
				ASSETCATALOG_COMPILER_APPICON_NAME = AppIcon;
				ASSETCATALOG_COMPILER_GLOBAL_ACCENT_COLOR_NAME = AccentColor;
				CODE_SIGN_STYLE = Automatic;
				CURRENT_PROJECT_VERSION = 1;
				DEVELOPMENT_TEAM = 7GSW2BF5U4;
				GCC_PREFIX_HEADER = "$(SRCROOT)/CTBaseOC/PrefixHeader.pch";
				GENERATE_INFOPLIST_FILE = YES;
				INFOPLIST_FILE = CTBaseOC/Info.plist;
				INFOPLIST_KEY_CFBundleDisplayName = "OC脚手架";
				INFOPLIST_KEY_UIApplicationSupportsIndirectInputEvents = YES;
				INFOPLIST_KEY_UILaunchStoryboardName = LaunchScreen.storyboard;
				INFOPLIST_KEY_UISupportedInterfaceOrientations = UIInterfaceOrientationPortrait;
				INFOPLIST_KEY_UIUserInterfaceStyle = Light;
				LD_RUNPATH_SEARCH_PATHS = (
					"$(inherited)",
					"@executable_path/Frameworks",
				);
				MARKETING_VERSION = 1.0.0;
				PRODUCT_BUNDLE_IDENTIFIER = com.ct.base;
				PRODUCT_NAME = "$(TARGET_NAME)";
				SWIFT_EMIT_LOC_STRINGS = YES;
				TARGETED_DEVICE_FAMILY = "1,2";
			};
			name = Debug;
		};
		E97D674E2B6FCC7700C12C81 /* Release */ = {
			isa = XCBuildConfiguration;
			baseConfigurationReference = 8648FC96BF74F77C266609C4 /* Pods-CTBaseOC.release.xcconfig */;
			buildSettings = {
				ASSETCATALOG_COMPILER_APPICON_NAME = AppIcon;
				ASSETCATALOG_COMPILER_GLOBAL_ACCENT_COLOR_NAME = AccentColor;
				CODE_SIGN_STYLE = Automatic;
				CURRENT_PROJECT_VERSION = 1;
				DEVELOPMENT_TEAM = 7GSW2BF5U4;
				GCC_PREFIX_HEADER = "$(SRCROOT)/CTBaseOC/PrefixHeader.pch";
				GENERATE_INFOPLIST_FILE = YES;
				INFOPLIST_FILE = CTBaseOC/Info.plist;
				INFOPLIST_KEY_CFBundleDisplayName = "OC脚手架";
				INFOPLIST_KEY_UIApplicationSupportsIndirectInputEvents = YES;
				INFOPLIST_KEY_UILaunchStoryboardName = LaunchScreen.storyboard;
				INFOPLIST_KEY_UISupportedInterfaceOrientations = UIInterfaceOrientationPortrait;
				INFOPLIST_KEY_UIUserInterfaceStyle = Light;
				LD_RUNPATH_SEARCH_PATHS = (
					"$(inherited)",
					"@executable_path/Frameworks",
				);
				MARKETING_VERSION = 1.0.0;
				PRODUCT_BUNDLE_IDENTIFIER = com.ct.base;
				PRODUCT_NAME = "$(TARGET_NAME)";
				SWIFT_EMIT_LOC_STRINGS = YES;
				TARGETED_DEVICE_FAMILY = "1,2";
			};
			name = Release;
		};
		E97D67502B6FCC7700C12C81 /* Debug */ = {
			isa = XCBuildConfiguration;
			buildSettings = {
				BUNDLE_LOADER = "$(TEST_HOST)";
				CODE_SIGN_STYLE = Automatic;
				CURRENT_PROJECT_VERSION = 1;
				DEVELOPMENT_TEAM = 7GSW2BF5U4;
				GENERATE_INFOPLIST_FILE = YES;
				IPHONEOS_DEPLOYMENT_TARGET = 17.0;
				MARKETING_VERSION = 1.0;
				PRODUCT_BUNDLE_IDENTIFIER = CT.CTBaseOCTests;
				PRODUCT_NAME = "$(TARGET_NAME)";
				SWIFT_EMIT_LOC_STRINGS = NO;
				TARGETED_DEVICE_FAMILY = "1,2";
				TEST_HOST = "$(BUILT_PRODUCTS_DIR)/CTBaseOC.app/$(BUNDLE_EXECUTABLE_FOLDER_PATH)/CTBaseOC";
			};
			name = Debug;
		};
		E97D67512B6FCC7700C12C81 /* Release */ = {
			isa = XCBuildConfiguration;
			buildSettings = {
				BUNDLE_LOADER = "$(TEST_HOST)";
				CODE_SIGN_STYLE = Automatic;
				CURRENT_PROJECT_VERSION = 1;
				DEVELOPMENT_TEAM = 7GSW2BF5U4;
				GENERATE_INFOPLIST_FILE = YES;
				IPHONEOS_DEPLOYMENT_TARGET = 17.0;
				MARKETING_VERSION = 1.0;
				PRODUCT_BUNDLE_IDENTIFIER = CT.CTBaseOCTests;
				PRODUCT_NAME = "$(TARGET_NAME)";
				SWIFT_EMIT_LOC_STRINGS = NO;
				TARGETED_DEVICE_FAMILY = "1,2";
				TEST_HOST = "$(BUILT_PRODUCTS_DIR)/CTBaseOC.app/$(BUNDLE_EXECUTABLE_FOLDER_PATH)/CTBaseOC";
			};
			name = Release;
		};
		E97D67532B6FCC7700C12C81 /* Debug */ = {
			isa = XCBuildConfiguration;
			buildSettings = {
				CODE_SIGN_STYLE = Automatic;
				CURRENT_PROJECT_VERSION = 1;
				DEVELOPMENT_TEAM = 7GSW2BF5U4;
				GENERATE_INFOPLIST_FILE = YES;
				MARKETING_VERSION = 1.0;
				PRODUCT_BUNDLE_IDENTIFIER = CT.CTBaseOCUITests;
				PRODUCT_NAME = "$(TARGET_NAME)";
				SWIFT_EMIT_LOC_STRINGS = NO;
				TARGETED_DEVICE_FAMILY = "1,2";
				TEST_TARGET_NAME = CTBaseOC;
			};
			name = Debug;
		};
		E97D67542B6FCC7700C12C81 /* Release */ = {
			isa = XCBuildConfiguration;
			buildSettings = {
				CODE_SIGN_STYLE = Automatic;
				CURRENT_PROJECT_VERSION = 1;
				DEVELOPMENT_TEAM = 7GSW2BF5U4;
				GENERATE_INFOPLIST_FILE = YES;
				MARKETING_VERSION = 1.0;
				PRODUCT_BUNDLE_IDENTIFIER = CT.CTBaseOCUITests;
				PRODUCT_NAME = "$(TARGET_NAME)";
				SWIFT_EMIT_LOC_STRINGS = NO;
				TARGETED_DEVICE_FAMILY = "1,2";
				TEST_TARGET_NAME = CTBaseOC;
			};
			name = Release;
		};
/* End XCBuildConfiguration section */

/* Begin XCConfigurationList section */
		E97D67182B6FCC7600C12C81 /* Build configuration list for PBXProject "CTBaseOC" */ = {
			isa = XCConfigurationList;
			buildConfigurations = (
				E97D674A2B6FCC7700C12C81 /* Debug */,
				E97D674B2B6FCC7700C12C81 /* Release */,
			);
			defaultConfigurationIsVisible = 0;
			defaultConfigurationName = Release;
		};
		E97D674C2B6FCC7700C12C81 /* Build configuration list for PBXNativeTarget "CTBaseOC" */ = {
			isa = XCConfigurationList;
			buildConfigurations = (
				E97D674D2B6FCC7700C12C81 /* Debug */,
				E97D674E2B6FCC7700C12C81 /* Release */,
			);
			defaultConfigurationIsVisible = 0;
			defaultConfigurationName = Release;
		};
		E97D674F2B6FCC7700C12C81 /* Build configuration list for PBXNativeTarget "CTBaseOCTests" */ = {
			isa = XCConfigurationList;
			buildConfigurations = (
				E97D67502B6FCC7700C12C81 /* Debug */,
				E97D67512B6FCC7700C12C81 /* Release */,
			);
			defaultConfigurationIsVisible = 0;
			defaultConfigurationName = Release;
		};
		E97D67522B6FCC7700C12C81 /* Build configuration list for PBXNativeTarget "CTBaseOCUITests" */ = {
			isa = XCConfigurationList;
			buildConfigurations = (
				E97D67532B6FCC7700C12C81 /* Debug */,
				E97D67542B6FCC7700C12C81 /* Release */,
			);
			defaultConfigurationIsVisible = 0;
			defaultConfigurationName = Release;
		};
/* End XCConfigurationList section */
	};
	rootObject = E97D67152B6FCC7600C12C81 /* Project object */;
}
